// !$*UTF8*$!
{
	archiveVersion = 1;
	classes = {
	};
	objectVersion = 46;
	objects = {

/* Begin PBXBuildFile section */
		74727842FDA851B1A621A8E8 /* libPods.a in Frameworks */ = {isa = PBXBuildFile; fileRef = FC060073648A666DD1C33A9A /* libPods.a */; };
		92CBB3DD19FBA574000E5732 /* AppDelegate.swift in Sources */ = {isa = PBXBuildFile; fileRef = 92CBB3DC19FBA574000E5732 /* AppDelegate.swift */; };
		92CBB3E419FBA574000E5732 /* Images.xcassets in Resources */ = {isa = PBXBuildFile; fileRef = 92CBB3E319FBA574000E5732 /* Images.xcassets */; };
		92CBB3E719FBA574000E5732 /* LaunchScreen.xib in Resources */ = {isa = PBXBuildFile; fileRef = 92CBB3E519FBA574000E5732 /* LaunchScreen.xib */; };
		92CBB40619FBA657000E5732 /* main.m in Sources */ = {isa = PBXBuildFile; fileRef = 92CBB40519FBA657000E5732 /* main.m */; };
		92CBB40919FBA657000E5732 /* AppDelegate.m in Sources */ = {isa = PBXBuildFile; fileRef = 92CBB40819FBA657000E5732 /* AppDelegate.m */; };
		92CBB40C19FBA657000E5732 /* ViewController.m in Sources */ = {isa = PBXBuildFile; fileRef = 92CBB40B19FBA657000E5732 /* ViewController.m */; };
		92CBB40F19FBA657000E5732 /* Main.storyboard in Resources */ = {isa = PBXBuildFile; fileRef = 92CBB40D19FBA657000E5732 /* Main.storyboard */; };
		92CBB41119FBA657000E5732 /* Images.xcassets in Resources */ = {isa = PBXBuildFile; fileRef = 92CBB41019FBA657000E5732 /* Images.xcassets */; };
		92CBB41419FBA657000E5732 /* LaunchScreen.xib in Resources */ = {isa = PBXBuildFile; fileRef = 92CBB41219FBA657000E5732 /* LaunchScreen.xib */; };
		92CBB42E19FBA77F000E5732 /* FLBaseViewController.swift in Sources */ = {isa = PBXBuildFile; fileRef = 92CBB42D19FBA77F000E5732 /* FLBaseViewController.swift */; };
		92CBB43319FBA7B7000E5732 /* FLRestaurantsViewController.swift in Sources */ = {isa = PBXBuildFile; fileRef = 92CBB43119FBA7B7000E5732 /* FLRestaurantsViewController.swift */; };
		92CBB43419FBA7B7000E5732 /* FLRestaurantsViewController.xib in Resources */ = {isa = PBXBuildFile; fileRef = 92CBB43219FBA7B7000E5732 /* FLRestaurantsViewController.xib */; };
		92CBB43619FBA801000E5732 /* FLBaseNavigationController.swift in Sources */ = {isa = PBXBuildFile; fileRef = 92CBB43519FBA801000E5732 /* FLBaseNavigationController.swift */; };
/* End PBXBuildFile section */

/* Begin PBXFileReference section */
		286CB336AE9E647C5C96382E /* Pods.release.xcconfig */ = {isa = PBXFileReference; includeInIndex = 1; lastKnownFileType = text.xcconfig; name = Pods.release.xcconfig; path = "Pods/Target Support Files/Pods/Pods.release.xcconfig"; sourceTree = "<group>"; };
		5B9F58D8B17A7DA5120BB25A /* Pods.debug.xcconfig */ = {isa = PBXFileReference; includeInIndex = 1; lastKnownFileType = text.xcconfig; name = Pods.debug.xcconfig; path = "Pods/Target Support Files/Pods/Pods.debug.xcconfig"; sourceTree = "<group>"; };
		92CBB3D719FBA574000E5732 /* Foodle.app */ = {isa = PBXFileReference; explicitFileType = wrapper.application; includeInIndex = 0; path = Foodle.app; sourceTree = BUILT_PRODUCTS_DIR; };
		92CBB3DB19FBA574000E5732 /* Info.plist */ = {isa = PBXFileReference; lastKnownFileType = text.plist.xml; path = Info.plist; sourceTree = "<group>"; };
		92CBB3DC19FBA574000E5732 /* AppDelegate.swift */ = {isa = PBXFileReference; lastKnownFileType = sourcecode.swift; path = AppDelegate.swift; sourceTree = "<group>"; };
		92CBB3E319FBA574000E5732 /* Images.xcassets */ = {isa = PBXFileReference; lastKnownFileType = folder.assetcatalog; path = Images.xcassets; sourceTree = "<group>"; };
		92CBB3E619FBA574000E5732 /* Base */ = {isa = PBXFileReference; lastKnownFileType = file.xib; name = Base; path = Base.lproj/LaunchScreen.xib; sourceTree = "<group>"; };
		92CBB40119FBA657000E5732 /* FoodModels.app */ = {isa = PBXFileReference; explicitFileType = wrapper.application; includeInIndex = 0; path = FoodModels.app; sourceTree = BUILT_PRODUCTS_DIR; };
		92CBB40419FBA657000E5732 /* Info.plist */ = {isa = PBXFileReference; lastKnownFileType = text.plist.xml; path = Info.plist; sourceTree = "<group>"; };
		92CBB40519FBA657000E5732 /* main.m */ = {isa = PBXFileReference; lastKnownFileType = sourcecode.c.objc; path = main.m; sourceTree = "<group>"; };
		92CBB40719FBA657000E5732 /* AppDelegate.h */ = {isa = PBXFileReference; lastKnownFileType = sourcecode.c.h; path = AppDelegate.h; sourceTree = "<group>"; };
		92CBB40819FBA657000E5732 /* AppDelegate.m */ = {isa = PBXFileReference; lastKnownFileType = sourcecode.c.objc; path = AppDelegate.m; sourceTree = "<group>"; };
		92CBB40A19FBA657000E5732 /* ViewController.h */ = {isa = PBXFileReference; lastKnownFileType = sourcecode.c.h; path = ViewController.h; sourceTree = "<group>"; };
		92CBB40B19FBA657000E5732 /* ViewController.m */ = {isa = PBXFileReference; lastKnownFileType = sourcecode.c.objc; path = ViewController.m; sourceTree = "<group>"; };
		92CBB40E19FBA657000E5732 /* Base */ = {isa = PBXFileReference; lastKnownFileType = file.storyboard; name = Base; path = Base.lproj/Main.storyboard; sourceTree = "<group>"; };
		92CBB41019FBA657000E5732 /* Images.xcassets */ = {isa = PBXFileReference; lastKnownFileType = folder.assetcatalog; path = Images.xcassets; sourceTree = "<group>"; };
		92CBB41319FBA657000E5732 /* Base */ = {isa = PBXFileReference; lastKnownFileType = file.xib; name = Base; path = Base.lproj/LaunchScreen.xib; sourceTree = "<group>"; };
		92CBB42919FBA6A2000E5732 /* Foodle-Bridging-Header.h */ = {isa = PBXFileReference; lastKnownFileType = sourcecode.c.h; path = "Foodle-Bridging-Header.h"; sourceTree = "<group>"; };
		92CBB42D19FBA77F000E5732 /* FLBaseViewController.swift */ = {isa = PBXFileReference; fileEncoding = 4; lastKnownFileType = sourcecode.swift; name = FLBaseViewController.swift; path = ViewControllers/Base/FLBaseViewController.swift; sourceTree = "<group>"; };
		92CBB43119FBA7B7000E5732 /* FLRestaurantsViewController.swift */ = {isa = PBXFileReference; fileEncoding = 4; lastKnownFileType = sourcecode.swift; name = FLRestaurantsViewController.swift; path = ViewControllers/Restaurants/FLRestaurantsViewController.swift; sourceTree = "<group>"; };
		92CBB43219FBA7B7000E5732 /* FLRestaurantsViewController.xib */ = {isa = PBXFileReference; fileEncoding = 4; lastKnownFileType = file.xib; name = FLRestaurantsViewController.xib; path = ViewControllers/Restaurants/FLRestaurantsViewController.xib; sourceTree = "<group>"; };
		92CBB43519FBA801000E5732 /* FLBaseNavigationController.swift */ = {isa = PBXFileReference; fileEncoding = 4; lastKnownFileType = sourcecode.swift; name = FLBaseNavigationController.swift; path = ViewControllers/Base/FLBaseNavigationController.swift; sourceTree = "<group>"; };
		FC060073648A666DD1C33A9A /* libPods.a */ = {isa = PBXFileReference; explicitFileType = archive.ar; includeInIndex = 0; path = libPods.a; sourceTree = BUILT_PRODUCTS_DIR; };
/* End PBXFileReference section */

/* Begin PBXFrameworksBuildPhase section */
		92CBB3D419FBA574000E5732 /* Frameworks */ = {
			isa = PBXFrameworksBuildPhase;
			buildActionMask = 2147483647;
			files = (
				74727842FDA851B1A621A8E8 /* libPods.a in Frameworks */,
			);
			runOnlyForDeploymentPostprocessing = 0;
		};
		92CBB3FE19FBA657000E5732 /* Frameworks */ = {
			isa = PBXFrameworksBuildPhase;
			buildActionMask = 2147483647;
			files = (
			);
			runOnlyForDeploymentPostprocessing = 0;
		};
/* End PBXFrameworksBuildPhase section */

/* Begin PBXGroup section */
		55A9A3B9F71BF4F77D5D9BD9 /* Frameworks */ = {
			isa = PBXGroup;
			children = (
				FC060073648A666DD1C33A9A /* libPods.a */,
			);
			name = Frameworks;
			sourceTree = "<group>";
		};
		92CBB3CE19FBA574000E5732 = {
			isa = PBXGroup;
			children = (
				92CBB3D919FBA574000E5732 /* Foodle */,
				92CBB40219FBA657000E5732 /* FoodModels */,
				92CBB3D819FBA574000E5732 /* Products */,
				F81A08115F68273A4859CC52 /* Pods */,
				55A9A3B9F71BF4F77D5D9BD9 /* Frameworks */,
			);
			sourceTree = "<group>";
		};
		92CBB3D819FBA574000E5732 /* Products */ = {
			isa = PBXGroup;
			children = (
				92CBB3D719FBA574000E5732 /* Foodle.app */,
				92CBB40119FBA657000E5732 /* FoodModels.app */,
			);
			name = Products;
			sourceTree = "<group>";
		};
		92CBB3D919FBA574000E5732 /* Foodle */ = {
			isa = PBXGroup;
			children = (
				92CBB3DC19FBA574000E5732 /* AppDelegate.swift */,
				92CBB42819FBA68B000E5732 /* Core */,
				92CBB42719FBA685000E5732 /* ViewControllers */,
				92CBB3FC19FBA582000E5732 /* Resources */,
				92CBB3DA19FBA574000E5732 /* Supporting Files */,
				92CBB42919FBA6A2000E5732 /* Foodle-Bridging-Header.h */,
			);
			path = Foodle;
			sourceTree = "<group>";
		};
		92CBB3DA19FBA574000E5732 /* Supporting Files */ = {
			isa = PBXGroup;
			children = (
				92CBB3DB19FBA574000E5732 /* Info.plist */,
			);
			name = "Supporting Files";
			sourceTree = "<group>";
		};
		92CBB3FC19FBA582000E5732 /* Resources */ = {
			isa = PBXGroup;
			children = (
				92CBB3E319FBA574000E5732 /* Images.xcassets */,
				92CBB3E519FBA574000E5732 /* LaunchScreen.xib */,
			);
			name = Resources;
			sourceTree = "<group>";
		};
		92CBB40219FBA657000E5732 /* FoodModels */ = {
			isa = PBXGroup;
			children = (
				92CBB40719FBA657000E5732 /* AppDelegate.h */,
				92CBB40819FBA657000E5732 /* AppDelegate.m */,
				92CBB40A19FBA657000E5732 /* ViewController.h */,
				92CBB40B19FBA657000E5732 /* ViewController.m */,
				92CBB40D19FBA657000E5732 /* Main.storyboard */,
				92CBB41019FBA657000E5732 /* Images.xcassets */,
				92CBB41219FBA657000E5732 /* LaunchScreen.xib */,
				92CBB40319FBA657000E5732 /* Supporting Files */,
			);
			path = FoodModels;
			sourceTree = "<group>";
		};
		92CBB40319FBA657000E5732 /* Supporting Files */ = {
			isa = PBXGroup;
			children = (
				92CBB40419FBA657000E5732 /* Info.plist */,
				92CBB40519FBA657000E5732 /* main.m */,
			);
			name = "Supporting Files";
			sourceTree = "<group>";
		};
		92CBB42719FBA685000E5732 /* ViewControllers */ = {
			isa = PBXGroup;
			children = (
				92CBB43019FBA79C000E5732 /* Restaurants */,
				92CBB42F19FBA782000E5732 /* Base */,
			);
			name = ViewControllers;
			sourceTree = "<group>";
		};
		92CBB42819FBA68B000E5732 /* Core */ = {
			isa = PBXGroup;
			children = (
			);
			name = Core;
			sourceTree = "<group>";
		};
		92CBB42F19FBA782000E5732 /* Base */ = {
			isa = PBXGroup;
			children = (
				92CBB42D19FBA77F000E5732 /* FLBaseViewController.swift */,
				92CBB43519FBA801000E5732 /* FLBaseNavigationController.swift */,
			);
			name = Base;
			sourceTree = "<group>";
		};
		92CBB43019FBA79C000E5732 /* Restaurants */ = {
			isa = PBXGroup;
			children = (
				92CBB43119FBA7B7000E5732 /* FLRestaurantsViewController.swift */,
				92CBB43219FBA7B7000E5732 /* FLRestaurantsViewController.xib */,
			);
			name = Restaurants;
			sourceTree = "<group>";
		};
		F81A08115F68273A4859CC52 /* Pods */ = {
			isa = PBXGroup;
			children = (
				5B9F58D8B17A7DA5120BB25A /* Pods.debug.xcconfig */,
				286CB336AE9E647C5C96382E /* Pods.release.xcconfig */,
			);
			name = Pods;
			sourceTree = "<group>";
		};
/* End PBXGroup section */

/* Begin PBXNativeTarget section */
		92CBB3D619FBA574000E5732 /* Foodle */ = {
			isa = PBXNativeTarget;
			buildConfigurationList = 92CBB3F619FBA574000E5732 /* Build configuration list for PBXNativeTarget "Foodle" */;
			buildPhases = (
				843A35E7B3906E9886A8847B /* Check Pods Manifest.lock */,
				92CBB3D319FBA574000E5732 /* Sources */,
				92CBB3D419FBA574000E5732 /* Frameworks */,
				92CBB3D519FBA574000E5732 /* Resources */,
				E60F873980D75D47565B2A00 /* Copy Pods Resources */,
			);
			buildRules = (
			);
			dependencies = (
			);
			name = Foodle;
			productName = Foodle;
			productReference = 92CBB3D719FBA574000E5732 /* Foodle.app */;
			productType = "com.apple.product-type.application";
		};
		92CBB40019FBA657000E5732 /* FoodModels */ = {
			isa = PBXNativeTarget;
			buildConfigurationList = 92CBB42119FBA657000E5732 /* Build configuration list for PBXNativeTarget "FoodModels" */;
			buildPhases = (
				92CBB3FD19FBA657000E5732 /* Sources */,
				92CBB3FE19FBA657000E5732 /* Frameworks */,
				92CBB3FF19FBA657000E5732 /* Resources */,
			);
			buildRules = (
			);
			dependencies = (
			);
			name = FoodModels;
			productName = FoodModels;
			productReference = 92CBB40119FBA657000E5732 /* FoodModels.app */;
			productType = "com.apple.product-type.application";
		};
/* End PBXNativeTarget section */

/* Begin PBXProject section */
		92CBB3CF19FBA574000E5732 /* Project object */ = {
			isa = PBXProject;
			attributes = {
				CLASSPREFIX = FL;
				LastUpgradeCheck = 0610;
				ORGANIZATIONNAME = Foodlle;
				TargetAttributes = {
					92CBB3D619FBA574000E5732 = {
						CreatedOnToolsVersion = 6.1;
					};
					92CBB40019FBA657000E5732 = {
						CreatedOnToolsVersion = 6.1;
					};
				};
			};
			buildConfigurationList = 92CBB3D219FBA574000E5732 /* Build configuration list for PBXProject "Foodle" */;
			compatibilityVersion = "Xcode 3.2";
			developmentRegion = English;
			hasScannedForEncodings = 0;
			knownRegions = (
				en,
				Base,
			);
			mainGroup = 92CBB3CE19FBA574000E5732;
			productRefGroup = 92CBB3D819FBA574000E5732 /* Products */;
			projectDirPath = "";
			projectRoot = "";
			targets = (
				92CBB3D619FBA574000E5732 /* Foodle */,
				92CBB40019FBA657000E5732 /* FoodModels */,
			);
		};
/* End PBXProject section */

/* Begin PBXResourcesBuildPhase section */
		92CBB3D519FBA574000E5732 /* Resources */ = {
			isa = PBXResourcesBuildPhase;
			buildActionMask = 2147483647;
			files = (
				92CBB43419FBA7B7000E5732 /* FLRestaurantsViewController.xib in Resources */,
				92CBB3E719FBA574000E5732 /* LaunchScreen.xib in Resources */,
				92CBB3E419FBA574000E5732 /* Images.xcassets in Resources */,
			);
			runOnlyForDeploymentPostprocessing = 0;
		};
		92CBB3FF19FBA657000E5732 /* Resources */ = {
			isa = PBXResourcesBuildPhase;
			buildActionMask = 2147483647;
			files = (
				92CBB40F19FBA657000E5732 /* Main.storyboard in Resources */,
				92CBB41419FBA657000E5732 /* LaunchScreen.xib in Resources */,
				92CBB41119FBA657000E5732 /* Images.xcassets in Resources */,
			);
			runOnlyForDeploymentPostprocessing = 0;
		};
/* End PBXResourcesBuildPhase section */

/* Begin PBXShellScriptBuildPhase section */
		843A35E7B3906E9886A8847B /* Check Pods Manifest.lock */ = {
			isa = PBXShellScriptBuildPhase;
			buildActionMask = 2147483647;
			files = (
			);
			inputPaths = (
			);
			name = "Check Pods Manifest.lock";
			outputPaths = (
			);
			runOnlyForDeploymentPostprocessing = 0;
			shellPath = /bin/sh;
			shellScript = "diff \"${PODS_ROOT}/../Podfile.lock\" \"${PODS_ROOT}/Manifest.lock\" > /dev/null\nif [[ $? != 0 ]] ; then\n    cat << EOM\nerror: The sandbox is not in sync with the Podfile.lock. Run 'pod install' or update your CocoaPods installation.\nEOM\n    exit 1\nfi\n";
			showEnvVarsInLog = 0;
		};
		E60F873980D75D47565B2A00 /* Copy Pods Resources */ = {
			isa = PBXShellScriptBuildPhase;
			buildActionMask = 2147483647;
			files = (
			);
			inputPaths = (
			);
			name = "Copy Pods Resources";
			outputPaths = (
			);
			runOnlyForDeploymentPostprocessing = 0;
			shellPath = /bin/sh;
			shellScript = "\"${SRCROOT}/Pods/Target Support Files/Pods/Pods-resources.sh\"\n";
			showEnvVarsInLog = 0;
		};
/* End PBXShellScriptBuildPhase section */

/* Begin PBXSourcesBuildPhase section */
		92CBB3D319FBA574000E5732 /* Sources */ = {
			isa = PBXSourcesBuildPhase;
			buildActionMask = 2147483647;
			files = (
				92CBB43619FBA801000E5732 /* FLBaseNavigationController.swift in Sources */,
				92CBB3DD19FBA574000E5732 /* AppDelegate.swift in Sources */,
				92CBB43319FBA7B7000E5732 /* FLRestaurantsViewController.swift in Sources */,
				92CBB42E19FBA77F000E5732 /* FLBaseViewController.swift in Sources */,
			);
			runOnlyForDeploymentPostprocessing = 0;
		};
		92CBB3FD19FBA657000E5732 /* Sources */ = {
			isa = PBXSourcesBuildPhase;
			buildActionMask = 2147483647;
			files = (
				92CBB40C19FBA657000E5732 /* ViewController.m in Sources */,
				92CBB40919FBA657000E5732 /* AppDelegate.m in Sources */,
				92CBB40619FBA657000E5732 /* main.m in Sources */,
			);
			runOnlyForDeploymentPostprocessing = 0;
		};
/* End PBXSourcesBuildPhase section */

/* Begin PBXVariantGroup section */
		92CBB3E519FBA574000E5732 /* LaunchScreen.xib */ = {
			isa = PBXVariantGroup;
			children = (
				92CBB3E619FBA574000E5732 /* Base */,
			);
			name = LaunchScreen.xib;
			sourceTree = "<group>";
		};
		92CBB40D19FBA657000E5732 /* Main.storyboard */ = {
			isa = PBXVariantGroup;
			children = (
				92CBB40E19FBA657000E5732 /* Base */,
			);
			name = Main.storyboard;
			sourceTree = "<group>";
		};
		92CBB41219FBA657000E5732 /* LaunchScreen.xib */ = {
			isa = PBXVariantGroup;
			children = (
				92CBB41319FBA657000E5732 /* Base */,
			);
			name = LaunchScreen.xib;
			sourceTree = "<group>";
		};
/* End PBXVariantGroup section */

/* Begin XCBuildConfiguration section */
		92CBB3F419FBA574000E5732 /* Debug */ = {
			isa = XCBuildConfiguration;
			buildSettings = {
				ALWAYS_SEARCH_USER_PATHS = NO;
				CLANG_CXX_LANGUAGE_STANDARD = "gnu++0x";
				CLANG_CXX_LIBRARY = "libc++";
				CLANG_ENABLE_MODULES = YES;
				CLANG_ENABLE_OBJC_ARC = YES;
				CLANG_WARN_BOOL_CONVERSION = YES;
				CLANG_WARN_CONSTANT_CONVERSION = YES;
				CLANG_WARN_DIRECT_OBJC_ISA_USAGE = YES_ERROR;
				CLANG_WARN_EMPTY_BODY = YES;
				CLANG_WARN_ENUM_CONVERSION = YES;
				CLANG_WARN_INT_CONVERSION = YES;
				CLANG_WARN_OBJC_ROOT_CLASS = YES_ERROR;
				CLANG_WARN_UNREACHABLE_CODE = YES;
				CLANG_WARN__DUPLICATE_METHOD_MATCH = YES;
				"CODE_SIGN_IDENTITY[sdk=iphoneos*]" = "iPhone Developer";
				COPY_PHASE_STRIP = NO;
				ENABLE_STRICT_OBJC_MSGSEND = YES;
				GCC_C_LANGUAGE_STANDARD = gnu99;
				GCC_DYNAMIC_NO_PIC = NO;
				GCC_OPTIMIZATION_LEVEL = 0;
				GCC_PREPROCESSOR_DEFINITIONS = (
					"DEBUG=1",
					"$(inherited)",
				);
				GCC_SYMBOLS_PRIVATE_EXTERN = NO;
				GCC_WARN_64_TO_32_BIT_CONVERSION = YES;
				GCC_WARN_ABOUT_RETURN_TYPE = YES_ERROR;
				GCC_WARN_UNDECLARED_SELECTOR = YES;
				GCC_WARN_UNINITIALIZED_AUTOS = YES_AGGRESSIVE;
				GCC_WARN_UNUSED_FUNCTION = YES;
				GCC_WARN_UNUSED_VARIABLE = YES;
				IPHONEOS_DEPLOYMENT_TARGET = 8.1;
				MTL_ENABLE_DEBUG_INFO = YES;
				ONLY_ACTIVE_ARCH = YES;
				SDKROOT = iphoneos;
				SWIFT_OPTIMIZATION_LEVEL = "-Onone";
			};
			name = Debug;
		};
		92CBB3F519FBA574000E5732 /* Release */ = {
			isa = XCBuildConfiguration;
			buildSettings = {
				ALWAYS_SEARCH_USER_PATHS = NO;
				CLANG_CXX_LANGUAGE_STANDARD = "gnu++0x";
				CLANG_CXX_LIBRARY = "libc++";
				CLANG_ENABLE_MODULES = YES;
				CLANG_ENABLE_OBJC_ARC = YES;
				CLANG_WARN_BOOL_CONVERSION = YES;
				CLANG_WARN_CONSTANT_CONVERSION = YES;
				CLANG_WARN_DIRECT_OBJC_ISA_USAGE = YES_ERROR;
				CLANG_WARN_EMPTY_BODY = YES;
				CLANG_WARN_ENUM_CONVERSION = YES;
				CLANG_WARN_INT_CONVERSION = YES;
				CLANG_WARN_OBJC_ROOT_CLASS = YES_ERROR;
				CLANG_WARN_UNREACHABLE_CODE = YES;
				CLANG_WARN__DUPLICATE_METHOD_MATCH = YES;
				"CODE_SIGN_IDENTITY[sdk=iphoneos*]" = "iPhone Developer";
				COPY_PHASE_STRIP = YES;
				ENABLE_NS_ASSERTIONS = NO;
				ENABLE_STRICT_OBJC_MSGSEND = YES;
				GCC_C_LANGUAGE_STANDARD = gnu99;
				GCC_WARN_64_TO_32_BIT_CONVERSION = YES;
				GCC_WARN_ABOUT_RETURN_TYPE = YES_ERROR;
				GCC_WARN_UNDECLARED_SELECTOR = YES;
				GCC_WARN_UNINITIALIZED_AUTOS = YES_AGGRESSIVE;
				GCC_WARN_UNUSED_FUNCTION = YES;
				GCC_WARN_UNUSED_VARIABLE = YES;
				IPHONEOS_DEPLOYMENT_TARGET = 8.1;
				MTL_ENABLE_DEBUG_INFO = NO;
				SDKROOT = iphoneos;
				VALIDATE_PRODUCT = YES;
			};
			name = Release;
		};
		92CBB3F719FBA574000E5732 /* Debug */ = {
			isa = XCBuildConfiguration;
			baseConfigurationReference = 5B9F58D8B17A7DA5120BB25A /* Pods.debug.xcconfig */;
			buildSettings = {
				ASSETCATALOG_COMPILER_APPICON_NAME = AppIcon;
				CLANG_ENABLE_MODULES = YES;
				INFOPLIST_FILE = Foodle/Info.plist;
				LD_RUNPATH_SEARCH_PATHS = "$(inherited) @executable_path/Frameworks";
				PRODUCT_NAME = "$(TARGET_NAME)";
				SWIFT_OBJC_BRIDGING_HEADER = "Foodle/Foodle-Bridging-Header.h";
				SWIFT_OPTIMIZATION_LEVEL = "-Onone";
			};
			name = Debug;
		};
		92CBB3F819FBA574000E5732 /* Release */ = {
			isa = XCBuildConfiguration;
			baseConfigurationReference = 286CB336AE9E647C5C96382E /* Pods.release.xcconfig */;
			buildSettings = {
				ASSETCATALOG_COMPILER_APPICON_NAME = AppIcon;
				CLANG_ENABLE_MODULES = YES;
				INFOPLIST_FILE = Foodle/Info.plist;
				LD_RUNPATH_SEARCH_PATHS = "$(inherited) @executable_path/Frameworks";
				PRODUCT_NAME = "$(TARGET_NAME)";
				SWIFT_OBJC_BRIDGING_HEADER = "Foodle/Foodle-Bridging-Header.h";
			};
			name = Release;
		};
		92CBB42219FBA657000E5732 /* Debug */ = {
			isa = XCBuildConfiguration;
			baseConfigurationReference = 5B9F58D8B17A7DA5120BB25A /* Pods.debug.xcconfig */;
			buildSettings = {
				ASSETCATALOG_COMPILER_APPICON_NAME = AppIcon;
				GCC_PREPROCESSOR_DEFINITIONS = (
					"DEBUG=1",
					"$(inherited)",
				);
				INFOPLIST_FILE = FoodModels/Info.plist;
				LD_RUNPATH_SEARCH_PATHS = "$(inherited) @executable_path/Frameworks";
				PRODUCT_NAME = "$(TARGET_NAME)";
			};
			name = Debug;
		};
		92CBB42319FBA657000E5732 /* Release */ = {
			isa = XCBuildConfiguration;
			baseConfigurationReference = 5B9F58D8B17A7DA5120BB25A /* Pods.debug.xcconfig */;
			buildSettings = {
				ASSETCATALOG_COMPILER_APPICON_NAME = AppIcon;
				INFOPLIST_FILE = FoodModels/Info.plist;
				LD_RUNPATH_SEARCH_PATHS = "$(inherited) @executable_path/Frameworks";
				PRODUCT_NAME = "$(TARGET_NAME)";
			};
			name = Release;
		};
/* End XCBuildConfiguration section */

/* Begin XCConfigurationList section */
		92CBB3D219FBA574000E5732 /* Build configuration list for PBXProject "Foodle" */ = {
			isa = XCConfigurationList;
			buildConfigurations = (
				92CBB3F419FBA574000E5732 /* Debug */,
				92CBB3F519FBA574000E5732 /* Release */,
			);
			defaultConfigurationIsVisible = 0;
			defaultConfigurationName = Release;
		};
		92CBB3F619FBA574000E5732 /* Build configuration list for PBXNativeTarget "Foodle" */ = {
			isa = XCConfigurationList;
			buildConfigurations = (
				92CBB3F719FBA574000E5732 /* Debug */,
				92CBB3F819FBA574000E5732 /* Release */,
			);
			defaultConfigurationIsVisible = 0;
			defaultConfigurationName = Release;
		};
		92CBB42119FBA657000E5732 /* Build configuration list for PBXNativeTarget "FoodModels" */ = {
			isa = XCConfigurationList;
			buildConfigurations = (
				92CBB42219FBA657000E5732 /* Debug */,
				92CBB42319FBA657000E5732 /* Release */,
			);
			defaultConfigurationIsVisible = 0;
		};
/* End XCConfigurationList section */
	};
	rootObject = 92CBB3CF19FBA574000E5732 /* Project object */;
}
