// !$*UTF8*$!
{
	archiveVersion = 1;
	classes = {
	};
	objectVersion = 46;
	objects = {

/* Begin PBXBuildFile section */
		74727842FDA851B1A621A8E8 /* libPods.a in Frameworks */ = {isa = PBXBuildFile; fileRef = FC060073648A666DD1C33A9A /* libPods.a */; };
		920DED5019FBFC0800217EE8 /* FLOrderViewController.swift in Sources */ = {isa = PBXBuildFile; fileRef = 920DED4E19FBFC0800217EE8 /* FLOrderViewController.swift */; };
		920DED5119FBFC0800217EE8 /* FLOrderViewController.xib in Resources */ = {isa = PBXBuildFile; fileRef = 920DED4F19FBFC0800217EE8 /* FLOrderViewController.xib */; };
		920DED5519FBFD8B00217EE8 /* FLOrderCell.swift in Sources */ = {isa = PBXBuildFile; fileRef = 920DED5319FBFD8B00217EE8 /* FLOrderCell.swift */; };
		920DED5619FBFD8B00217EE8 /* FLOrderCell.xib in Resources */ = {isa = PBXBuildFile; fileRef = 920DED5419FBFD8B00217EE8 /* FLOrderCell.xib */; };
		92138C3719FBAA9E001F041B /* FLRestaurantEntity.swift in Sources */ = {isa = PBXBuildFile; fileRef = 92138C3619FBAA9E001F041B /* FLRestaurantEntity.swift */; };
		92138C3B19FBAB64001F041B /* FLRestaurantCell.swift in Sources */ = {isa = PBXBuildFile; fileRef = 92138C3919FBAB64001F041B /* FLRestaurantCell.swift */; };
		92138C3F19FBABED001F041B /* FrameCalculation.swift in Sources */ = {isa = PBXBuildFile; fileRef = 92138C3E19FBABED001F041B /* FrameCalculation.swift */; };
		92138C4119FBB07E001F041B /* test.png in Resources */ = {isa = PBXBuildFile; fileRef = 92138C4019FBB07E001F041B /* test.png */; };
		92138C4319FBB927001F041B /* Font.swift in Sources */ = {isa = PBXBuildFile; fileRef = 92138C4219FBB927001F041B /* Font.swift */; };
		92B9912719FC198200E43E08 /* FLGuestViewController.swift in Sources */ = {isa = PBXBuildFile; fileRef = 92B9912519FC198200E43E08 /* FLGuestViewController.swift */; };
		92B9912819FC198200E43E08 /* FLGuestViewController.xib in Resources */ = {isa = PBXBuildFile; fileRef = 92B9912619FC198200E43E08 /* FLGuestViewController.xib */; };
		92B9912C19FC1A8200E43E08 /* FLGuestCell.swift in Sources */ = {isa = PBXBuildFile; fileRef = 92B9912A19FC1A8200E43E08 /* FLGuestCell.swift */; };
		92B9912D19FC1A8200E43E08 /* FLGuestCell.xib in Resources */ = {isa = PBXBuildFile; fileRef = 92B9912B19FC1A8200E43E08 /* FLGuestCell.xib */; };
		92B9912F19FC268000E43E08 /* FLUserEntity.swift in Sources */ = {isa = PBXBuildFile; fileRef = 92B9912E19FC268000E43E08 /* FLUserEntity.swift */; };
		92B9913419FC2ABF00E43E08 /* Parse.framework in Frameworks */ = {isa = PBXBuildFile; fileRef = 92B9913119FC2ABF00E43E08 /* Parse.framework */; };
		92B9913719FC2ACF00E43E08 /* AudioToolbox.framework in Frameworks */ = {isa = PBXBuildFile; fileRef = 92B9913619FC2ACF00E43E08 /* AudioToolbox.framework */; };
		92B9913919FC2AD400E43E08 /* CFNetwork.framework in Frameworks */ = {isa = PBXBuildFile; fileRef = 92B9913819FC2AD400E43E08 /* CFNetwork.framework */; };
		92B9913B19FC2AD800E43E08 /* CoreGraphics.framework in Frameworks */ = {isa = PBXBuildFile; fileRef = 92B9913A19FC2AD800E43E08 /* CoreGraphics.framework */; };
		92B9913D19FC2ADD00E43E08 /* CoreLocation.framework in Frameworks */ = {isa = PBXBuildFile; fileRef = 92B9913C19FC2ADD00E43E08 /* CoreLocation.framework */; };
		92B9913F19FC2AE200E43E08 /* libz.dylib in Frameworks */ = {isa = PBXBuildFile; fileRef = 92B9913E19FC2AE200E43E08 /* libz.dylib */; };
		92B9914119FC2AE600E43E08 /* MobileCoreServices.framework in Frameworks */ = {isa = PBXBuildFile; fileRef = 92B9914019FC2AE600E43E08 /* MobileCoreServices.framework */; };
		92B9914319FC2AEA00E43E08 /* QuartzCore.framework in Frameworks */ = {isa = PBXBuildFile; fileRef = 92B9914219FC2AEA00E43E08 /* QuartzCore.framework */; };
		92B9914519FC2AEF00E43E08 /* Security.framework in Frameworks */ = {isa = PBXBuildFile; fileRef = 92B9914419FC2AEF00E43E08 /* Security.framework */; };
		92B9914719FC2AF400E43E08 /* StoreKit.framework in Frameworks */ = {isa = PBXBuildFile; fileRef = 92B9914619FC2AF400E43E08 /* StoreKit.framework */; };
		92B9914919FC2AF800E43E08 /* SystemConfiguration.framework in Frameworks */ = {isa = PBXBuildFile; fileRef = 92B9914819FC2AF800E43E08 /* SystemConfiguration.framework */; };
		92B9914B19FC2CC800E43E08 /* FacebookSDK.framework in Frameworks */ = {isa = PBXBuildFile; fileRef = 92B9914A19FC2CC800E43E08 /* FacebookSDK.framework */; };
		92B9914D19FC3C5000E43E08 /* FLRestaurantCell.xib in Resources */ = {isa = PBXBuildFile; fileRef = 92B9914C19FC3C5000E43E08 /* FLRestaurantCell.xib */; };
		92B9915319FC410000E43E08 /* FLBeaconBroadcaster.m in Sources */ = {isa = PBXBuildFile; fileRef = 92B9915019FC410000E43E08 /* FLBeaconBroadcaster.m */; };
		92B9915419FC410000E43E08 /* FLBeaconsMonitor.m in Sources */ = {isa = PBXBuildFile; fileRef = 92B9915219FC410000E43E08 /* FLBeaconsMonitor.m */; };
		92B9915819FC411000E43E08 /* FLPaymentsManager.m in Sources */ = {isa = PBXBuildFile; fileRef = 92B9915719FC411000E43E08 /* FLPaymentsManager.m */; };
		92B9916319FC419000E43E08 /* libPayPalMobile.a in Frameworks */ = {isa = PBXBuildFile; fileRef = 92B9915B19FC419000E43E08 /* libPayPalMobile.a */; };
		92B9916519FC41D100E43E08 /* MessageUI.framework in Frameworks */ = {isa = PBXBuildFile; fileRef = 92B9916419FC41D100E43E08 /* MessageUI.framework */; };
		92B9916719FC41DF00E43E08 /* CoreAudio.framework in Frameworks */ = {isa = PBXBuildFile; fileRef = 92B9916619FC41DF00E43E08 /* CoreAudio.framework */; };
		92B9916919FC41E300E43E08 /* CoreMedia.framework in Frameworks */ = {isa = PBXBuildFile; fileRef = 92B9916819FC41E300E43E08 /* CoreMedia.framework */; };
		92B9916B19FC41F500E43E08 /* AVFoundation.framework in Frameworks */ = {isa = PBXBuildFile; fileRef = 92B9916A19FC41F500E43E08 /* AVFoundation.framework */; };
		92B9916D19FC480F00E43E08 /* FLPayPalController.swift in Sources */ = {isa = PBXBuildFile; fileRef = 92B9916C19FC480F00E43E08 /* FLPayPalController.swift */; };
		92B9917119FC542300E43E08 /* FLUserInfoViewController.swift in Sources */ = {isa = PBXBuildFile; fileRef = 92B9916F19FC542300E43E08 /* FLUserInfoViewController.swift */; };
		92B9917219FC542300E43E08 /* FLUserInfoViewController.xib in Resources */ = {isa = PBXBuildFile; fileRef = 92B9917019FC542300E43E08 /* FLUserInfoViewController.xib */; };
		92B9917619FC596600E43E08 /* FLPreferenceCell.swift in Sources */ = {isa = PBXBuildFile; fileRef = 92B9917419FC596600E43E08 /* FLPreferenceCell.swift */; };
		92B9917719FC596600E43E08 /* FLPreferenceCell.xib in Resources */ = {isa = PBXBuildFile; fileRef = 92B9917519FC596600E43E08 /* FLPreferenceCell.xib */; };
		92B9917919FC5D4200E43E08 /* FLPreferenceEntity.swift in Sources */ = {isa = PBXBuildFile; fileRef = 92B9917819FC5D4200E43E08 /* FLPreferenceEntity.swift */; };
		92B9917D19FC6F9300E43E08 /* FLBillViewController.swift in Sources */ = {isa = PBXBuildFile; fileRef = 92B9917B19FC6F9300E43E08 /* FLBillViewController.swift */; };
		92B9917E19FC6F9300E43E08 /* FLBillViewController.xib in Resources */ = {isa = PBXBuildFile; fileRef = 92B9917C19FC6F9300E43E08 /* FLBillViewController.xib */; };
		92B9918919FC892D00E43E08 /* FLHeaderBillCell.swift in Sources */ = {isa = PBXBuildFile; fileRef = 92B9918719FC892D00E43E08 /* FLHeaderBillCell.swift */; };
		92B9918A19FC892D00E43E08 /* FLHeaderBillCell.xib in Resources */ = {isa = PBXBuildFile; fileRef = 92B9918819FC892D00E43E08 /* FLHeaderBillCell.xib */; };
		92B9918D19FC893B00E43E08 /* FLBillCell.swift in Sources */ = {isa = PBXBuildFile; fileRef = 92B9918B19FC893B00E43E08 /* FLBillCell.swift */; };
		92B9918E19FC893B00E43E08 /* FLBillCell.xib in Resources */ = {isa = PBXBuildFile; fileRef = 92B9918C19FC893B00E43E08 /* FLBillCell.xib */; };
		92B9919219FC98BD00E43E08 /* FLStartViewController.swift in Sources */ = {isa = PBXBuildFile; fileRef = 92B9919019FC98BD00E43E08 /* FLStartViewController.swift */; };
		92B9919319FC98BD00E43E08 /* FLStartViewController.xib in Resources */ = {isa = PBXBuildFile; fileRef = 92B9919119FC98BD00E43E08 /* FLStartViewController.xib */; };
		92B9919B19FCA31100E43E08 /* FLTutorialButton.swift in Sources */ = {isa = PBXBuildFile; fileRef = 92B9919A19FCA31100E43E08 /* FLTutorialButton.swift */; };
		92CBB3DD19FBA574000E5732 /* AppDelegate.swift in Sources */ = {isa = PBXBuildFile; fileRef = 92CBB3DC19FBA574000E5732 /* AppDelegate.swift */; };
		92CBB3E419FBA574000E5732 /* Images.xcassets in Resources */ = {isa = PBXBuildFile; fileRef = 92CBB3E319FBA574000E5732 /* Images.xcassets */; };
		92CBB3E719FBA574000E5732 /* LaunchScreen.xib in Resources */ = {isa = PBXBuildFile; fileRef = 92CBB3E519FBA574000E5732 /* LaunchScreen.xib */; };
		92CBB40619FBA657000E5732 /* main.m in Sources */ = {isa = PBXBuildFile; fileRef = 92CBB40519FBA657000E5732 /* main.m */; };
		92CBB40919FBA657000E5732 /* AppDelegate.m in Sources */ = {isa = PBXBuildFile; fileRef = 92CBB40819FBA657000E5732 /* AppDelegate.m */; };
		92CBB40C19FBA657000E5732 /* ViewController.m in Sources */ = {isa = PBXBuildFile; fileRef = 92CBB40B19FBA657000E5732 /* ViewController.m */; };
		92CBB40F19FBA657000E5732 /* Main.storyboard in Resources */ = {isa = PBXBuildFile; fileRef = 92CBB40D19FBA657000E5732 /* Main.storyboard */; };
		92CBB41119FBA657000E5732 /* Images.xcassets in Resources */ = {isa = PBXBuildFile; fileRef = 92CBB41019FBA657000E5732 /* Images.xcassets */; };
		92CBB41419FBA657000E5732 /* LaunchScreen.xib in Resources */ = {isa = PBXBuildFile; fileRef = 92CBB41219FBA657000E5732 /* LaunchScreen.xib */; };
		92CBB42E19FBA77F000E5732 /* FLBaseViewController.swift in Sources */ = {isa = PBXBuildFile; fileRef = 92CBB42D19FBA77F000E5732 /* FLBaseViewController.swift */; };
		92CBB43319FBA7B7000E5732 /* FLRestaurantsViewController.swift in Sources */ = {isa = PBXBuildFile; fileRef = 92CBB43119FBA7B7000E5732 /* FLRestaurantsViewController.swift */; };
		92CBB43419FBA7B7000E5732 /* FLRestaurantsViewController.xib in Resources */ = {isa = PBXBuildFile; fileRef = 92CBB43219FBA7B7000E5732 /* FLRestaurantsViewController.xib */; };
		92CBB43619FBA801000E5732 /* FLBaseNavigationController.swift in Sources */ = {isa = PBXBuildFile; fileRef = 92CBB43519FBA801000E5732 /* FLBaseNavigationController.swift */; };
		92D6EF7219FBBFBB0082EEE2 /* UIFont+FLFont.m in Sources */ = {isa = PBXBuildFile; fileRef = 92D6EF7119FBBFBB0082EEE2 /* UIFont+FLFont.m */; };
		92D6EF7619FBC2970082EEE2 /* FLRestaurantViewController.swift in Sources */ = {isa = PBXBuildFile; fileRef = 92D6EF7419FBC2970082EEE2 /* FLRestaurantViewController.swift */; };
		92D6EF7719FBC2970082EEE2 /* FLRestaurantViewController.xib in Resources */ = {isa = PBXBuildFile; fileRef = 92D6EF7519FBC2970082EEE2 /* FLRestaurantViewController.xib */; };
		92D6EF8019FBC4540082EEE2 /* FLRestaurantMainCell.swift in Sources */ = {isa = PBXBuildFile; fileRef = 92D6EF7E19FBC4540082EEE2 /* FLRestaurantMainCell.swift */; };
		92D6EF8119FBC4540082EEE2 /* FLRestaurantMainCell.xib in Resources */ = {isa = PBXBuildFile; fileRef = 92D6EF7F19FBC4540082EEE2 /* FLRestaurantMainCell.xib */; };
		92D6EF8419FBCB740082EEE2 /* FLRestaurantInfoCell.swift in Sources */ = {isa = PBXBuildFile; fileRef = 92D6EF8219FBCB740082EEE2 /* FLRestaurantInfoCell.swift */; };
		92D6EF8519FBCB740082EEE2 /* FLRestaurantInfoCell.xib in Resources */ = {isa = PBXBuildFile; fileRef = 92D6EF8319FBCB740082EEE2 /* FLRestaurantInfoCell.xib */; };
		92D6EF8819FBD1280082EEE2 /* FLButtonCell.swift in Sources */ = {isa = PBXBuildFile; fileRef = 92D6EF8619FBD1280082EEE2 /* FLButtonCell.swift */; };
		92D6EF8919FBD1280082EEE2 /* FLButtonCell.xib in Resources */ = {isa = PBXBuildFile; fileRef = 92D6EF8719FBD1280082EEE2 /* FLButtonCell.xib */; };
		92D6EF8C19FBD7100082EEE2 /* FLRestaurantPayCell.swift in Sources */ = {isa = PBXBuildFile; fileRef = 92D6EF8A19FBD7100082EEE2 /* FLRestaurantPayCell.swift */; };
		92D6EF8D19FBD7100082EEE2 /* FLRestaurantPayCell.xib in Resources */ = {isa = PBXBuildFile; fileRef = 92D6EF8B19FBD7100082EEE2 /* FLRestaurantPayCell.xib */; };
		92D6EF9119FBDE300082EEE2 /* FLMenuViewController.swift in Sources */ = {isa = PBXBuildFile; fileRef = 92D6EF8F19FBDE300082EEE2 /* FLMenuViewController.swift */; };
		92D6EF9219FBDE300082EEE2 /* FLMenuViewController.xib in Resources */ = {isa = PBXBuildFile; fileRef = 92D6EF9019FBDE300082EEE2 /* FLMenuViewController.xib */; };
		92D6EF9B19FBE4030082EEE2 /* FLDishTableViewCell.swift in Sources */ = {isa = PBXBuildFile; fileRef = 92D6EF9919FBE4030082EEE2 /* FLDishTableViewCell.swift */; };
		92D6EF9C19FBE4030082EEE2 /* FLDishTableViewCell.xib in Resources */ = {isa = PBXBuildFile; fileRef = 92D6EF9A19FBE4030082EEE2 /* FLDishTableViewCell.xib */; };
		92D6EF9E19FBE6F60082EEE2 /* FLDishEntity.swift in Sources */ = {isa = PBXBuildFile; fileRef = 92D6EF9D19FBE6F60082EEE2 /* FLDishEntity.swift */; };
		A538528419FC5E420080F19E /* FLOrderRequestsManager.m in Sources */ = {isa = PBXBuildFile; fileRef = A538528319FC5E420080F19E /* FLOrderRequestsManager.m */; };
		A538528719FC608B0080F19E /* FLHTTPRequestOperationManager.m in Sources */ = {isa = PBXBuildFile; fileRef = A538528619FC608B0080F19E /* FLHTTPRequestOperationManager.m */; };
		A538528A19FC63E60080F19E /* FLUserRequestsManager.m in Sources */ = {isa = PBXBuildFile; fileRef = A538528919FC63E60080F19E /* FLUserRequestsManager.m */; };
		A538528D19FC6E410080F19E /* FLRestaurantsRequestManager.m in Sources */ = {isa = PBXBuildFile; fileRef = A538528C19FC6E410080F19E /* FLRestaurantsRequestManager.m */; };
		A538528F19FC73110080F19E /* FLModelHolder.swift in Sources */ = {isa = PBXBuildFile; fileRef = A538528E19FC73110080F19E /* FLModelHolder.swift */; };
/* End PBXBuildFile section */

/* Begin PBXFileReference section */
		286CB336AE9E647C5C96382E /* Pods.release.xcconfig */ = {isa = PBXFileReference; includeInIndex = 1; lastKnownFileType = text.xcconfig; name = Pods.release.xcconfig; path = "Pods/Target Support Files/Pods/Pods.release.xcconfig"; sourceTree = "<group>"; };
		5B9F58D8B17A7DA5120BB25A /* Pods.debug.xcconfig */ = {isa = PBXFileReference; includeInIndex = 1; lastKnownFileType = text.xcconfig; name = Pods.debug.xcconfig; path = "Pods/Target Support Files/Pods/Pods.debug.xcconfig"; sourceTree = "<group>"; };
		920DED4E19FBFC0800217EE8 /* FLOrderViewController.swift */ = {isa = PBXFileReference; fileEncoding = 4; lastKnownFileType = sourcecode.swift; name = FLOrderViewController.swift; path = ViewControllers/Order/FLOrderViewController.swift; sourceTree = "<group>"; };
		920DED4F19FBFC0800217EE8 /* FLOrderViewController.xib */ = {isa = PBXFileReference; fileEncoding = 4; lastKnownFileType = file.xib; name = FLOrderViewController.xib; path = ViewControllers/Order/FLOrderViewController.xib; sourceTree = "<group>"; };
		920DED5319FBFD8B00217EE8 /* FLOrderCell.swift */ = {isa = PBXFileReference; fileEncoding = 4; lastKnownFileType = sourcecode.swift; name = FLOrderCell.swift; path = ViewControllers/Order/Cell/FLOrderCell.swift; sourceTree = "<group>"; };
		920DED5419FBFD8B00217EE8 /* FLOrderCell.xib */ = {isa = PBXFileReference; fileEncoding = 4; lastKnownFileType = file.xib; name = FLOrderCell.xib; path = ViewControllers/Order/Cell/FLOrderCell.xib; sourceTree = "<group>"; };
		92138C3619FBAA9E001F041B /* FLRestaurantEntity.swift */ = {isa = PBXFileReference; fileEncoding = 4; lastKnownFileType = sourcecode.swift; name = FLRestaurantEntity.swift; path = Core/Entities/FLRestaurantEntity.swift; sourceTree = "<group>"; };
		92138C3919FBAB64001F041B /* FLRestaurantCell.swift */ = {isa = PBXFileReference; fileEncoding = 4; lastKnownFileType = sourcecode.swift; name = FLRestaurantCell.swift; path = ViewControllers/Restaurants/Cells/FLRestaurantCell.swift; sourceTree = "<group>"; };
		92138C3E19FBABED001F041B /* FrameCalculation.swift */ = {isa = PBXFileReference; fileEncoding = 4; lastKnownFileType = sourcecode.swift; path = FrameCalculation.swift; sourceTree = "<group>"; };
		92138C4019FBB07E001F041B /* test.png */ = {isa = PBXFileReference; lastKnownFileType = image.png; path = test.png; sourceTree = "<group>"; };
		92138C4219FBB927001F041B /* Font.swift */ = {isa = PBXFileReference; fileEncoding = 4; lastKnownFileType = sourcecode.swift; name = Font.swift; path = Third/Font.swift; sourceTree = "<group>"; };
		92B9912519FC198200E43E08 /* FLGuestViewController.swift */ = {isa = PBXFileReference; fileEncoding = 4; lastKnownFileType = sourcecode.swift; name = FLGuestViewController.swift; path = ViewControllers/Guest/FLGuestViewController.swift; sourceTree = "<group>"; };
		92B9912619FC198200E43E08 /* FLGuestViewController.xib */ = {isa = PBXFileReference; fileEncoding = 4; lastKnownFileType = file.xib; name = FLGuestViewController.xib; path = ViewControllers/Guest/FLGuestViewController.xib; sourceTree = "<group>"; };
		92B9912A19FC1A8200E43E08 /* FLGuestCell.swift */ = {isa = PBXFileReference; fileEncoding = 4; lastKnownFileType = sourcecode.swift; name = FLGuestCell.swift; path = ViewControllers/Guest/Cell/FLGuestCell.swift; sourceTree = "<group>"; };
		92B9912B19FC1A8200E43E08 /* FLGuestCell.xib */ = {isa = PBXFileReference; fileEncoding = 4; lastKnownFileType = file.xib; name = FLGuestCell.xib; path = ViewControllers/Guest/Cell/FLGuestCell.xib; sourceTree = "<group>"; };
		92B9912E19FC268000E43E08 /* FLUserEntity.swift */ = {isa = PBXFileReference; fileEncoding = 4; lastKnownFileType = sourcecode.swift; name = FLUserEntity.swift; path = Core/Entities/FLUserEntity.swift; sourceTree = "<group>"; };
		92B9913119FC2ABF00E43E08 /* Parse.framework */ = {isa = PBXFileReference; lastKnownFileType = wrapper.framework; path = Parse.framework; sourceTree = "<group>"; };
		92B9913619FC2ACF00E43E08 /* AudioToolbox.framework */ = {isa = PBXFileReference; lastKnownFileType = wrapper.framework; name = AudioToolbox.framework; path = System/Library/Frameworks/AudioToolbox.framework; sourceTree = SDKROOT; };
		92B9913819FC2AD400E43E08 /* CFNetwork.framework */ = {isa = PBXFileReference; lastKnownFileType = wrapper.framework; name = CFNetwork.framework; path = System/Library/Frameworks/CFNetwork.framework; sourceTree = SDKROOT; };
		92B9913A19FC2AD800E43E08 /* CoreGraphics.framework */ = {isa = PBXFileReference; lastKnownFileType = wrapper.framework; name = CoreGraphics.framework; path = System/Library/Frameworks/CoreGraphics.framework; sourceTree = SDKROOT; };
		92B9913C19FC2ADD00E43E08 /* CoreLocation.framework */ = {isa = PBXFileReference; lastKnownFileType = wrapper.framework; name = CoreLocation.framework; path = System/Library/Frameworks/CoreLocation.framework; sourceTree = SDKROOT; };
		92B9913E19FC2AE200E43E08 /* libz.dylib */ = {isa = PBXFileReference; lastKnownFileType = "compiled.mach-o.dylib"; name = libz.dylib; path = usr/lib/libz.dylib; sourceTree = SDKROOT; };
		92B9914019FC2AE600E43E08 /* MobileCoreServices.framework */ = {isa = PBXFileReference; lastKnownFileType = wrapper.framework; name = MobileCoreServices.framework; path = System/Library/Frameworks/MobileCoreServices.framework; sourceTree = SDKROOT; };
		92B9914219FC2AEA00E43E08 /* QuartzCore.framework */ = {isa = PBXFileReference; lastKnownFileType = wrapper.framework; name = QuartzCore.framework; path = System/Library/Frameworks/QuartzCore.framework; sourceTree = SDKROOT; };
		92B9914419FC2AEF00E43E08 /* Security.framework */ = {isa = PBXFileReference; lastKnownFileType = wrapper.framework; name = Security.framework; path = System/Library/Frameworks/Security.framework; sourceTree = SDKROOT; };
		92B9914619FC2AF400E43E08 /* StoreKit.framework */ = {isa = PBXFileReference; lastKnownFileType = wrapper.framework; name = StoreKit.framework; path = System/Library/Frameworks/StoreKit.framework; sourceTree = SDKROOT; };
		92B9914819FC2AF800E43E08 /* SystemConfiguration.framework */ = {isa = PBXFileReference; lastKnownFileType = wrapper.framework; name = SystemConfiguration.framework; path = System/Library/Frameworks/SystemConfiguration.framework; sourceTree = SDKROOT; };
		92B9914A19FC2CC800E43E08 /* FacebookSDK.framework */ = {isa = PBXFileReference; lastKnownFileType = wrapper.framework; path = FacebookSDK.framework; sourceTree = "<group>"; };
		92B9914C19FC3C5000E43E08 /* FLRestaurantCell.xib */ = {isa = PBXFileReference; fileEncoding = 4; lastKnownFileType = file.xib; path = FLRestaurantCell.xib; sourceTree = "<group>"; };
		92B9914F19FC410000E43E08 /* FLBeaconBroadcaster.h */ = {isa = PBXFileReference; fileEncoding = 4; lastKnownFileType = sourcecode.c.h; path = FLBeaconBroadcaster.h; sourceTree = "<group>"; };
		92B9915019FC410000E43E08 /* FLBeaconBroadcaster.m */ = {isa = PBXFileReference; fileEncoding = 4; lastKnownFileType = sourcecode.c.objc; path = FLBeaconBroadcaster.m; sourceTree = "<group>"; };
		92B9915119FC410000E43E08 /* FLBeaconsMonitor.h */ = {isa = PBXFileReference; fileEncoding = 4; lastKnownFileType = sourcecode.c.h; path = FLBeaconsMonitor.h; sourceTree = "<group>"; };
		92B9915219FC410000E43E08 /* FLBeaconsMonitor.m */ = {isa = PBXFileReference; fileEncoding = 4; lastKnownFileType = sourcecode.c.objc; path = FLBeaconsMonitor.m; sourceTree = "<group>"; };
		92B9915619FC411000E43E08 /* FLPaymentsManager.h */ = {isa = PBXFileReference; fileEncoding = 4; lastKnownFileType = sourcecode.c.h; path = FLPaymentsManager.h; sourceTree = "<group>"; };
		92B9915719FC411000E43E08 /* FLPaymentsManager.m */ = {isa = PBXFileReference; fileEncoding = 4; lastKnownFileType = sourcecode.c.objc; path = FLPaymentsManager.m; sourceTree = "<group>"; };
		92B9915B19FC419000E43E08 /* libPayPalMobile.a */ = {isa = PBXFileReference; lastKnownFileType = archive.ar; path = libPayPalMobile.a; sourceTree = "<group>"; };
		92B9915C19FC419000E43E08 /* PayPalConfiguration.h */ = {isa = PBXFileReference; fileEncoding = 4; lastKnownFileType = sourcecode.c.h; path = PayPalConfiguration.h; sourceTree = "<group>"; };
		92B9915D19FC419000E43E08 /* PayPalFuturePaymentViewController.h */ = {isa = PBXFileReference; fileEncoding = 4; lastKnownFileType = sourcecode.c.h; path = PayPalFuturePaymentViewController.h; sourceTree = "<group>"; };
		92B9915E19FC419000E43E08 /* PayPalMobile.h */ = {isa = PBXFileReference; fileEncoding = 4; lastKnownFileType = sourcecode.c.h; path = PayPalMobile.h; sourceTree = "<group>"; };
		92B9915F19FC419000E43E08 /* PayPalOAuthScopes.h */ = {isa = PBXFileReference; fileEncoding = 4; lastKnownFileType = sourcecode.c.h; path = PayPalOAuthScopes.h; sourceTree = "<group>"; };
		92B9916019FC419000E43E08 /* PayPalPayment.h */ = {isa = PBXFileReference; fileEncoding = 4; lastKnownFileType = sourcecode.c.h; path = PayPalPayment.h; sourceTree = "<group>"; };
		92B9916119FC419000E43E08 /* PayPalPaymentViewController.h */ = {isa = PBXFileReference; fileEncoding = 4; lastKnownFileType = sourcecode.c.h; path = PayPalPaymentViewController.h; sourceTree = "<group>"; };
		92B9916219FC419000E43E08 /* PayPalProfileSharingViewController.h */ = {isa = PBXFileReference; fileEncoding = 4; lastKnownFileType = sourcecode.c.h; path = PayPalProfileSharingViewController.h; sourceTree = "<group>"; };
		92B9916419FC41D100E43E08 /* MessageUI.framework */ = {isa = PBXFileReference; lastKnownFileType = wrapper.framework; name = MessageUI.framework; path = System/Library/Frameworks/MessageUI.framework; sourceTree = SDKROOT; };
		92B9916619FC41DF00E43E08 /* CoreAudio.framework */ = {isa = PBXFileReference; lastKnownFileType = wrapper.framework; name = CoreAudio.framework; path = System/Library/Frameworks/CoreAudio.framework; sourceTree = SDKROOT; };
		92B9916819FC41E300E43E08 /* CoreMedia.framework */ = {isa = PBXFileReference; lastKnownFileType = wrapper.framework; name = CoreMedia.framework; path = System/Library/Frameworks/CoreMedia.framework; sourceTree = SDKROOT; };
		92B9916A19FC41F500E43E08 /* AVFoundation.framework */ = {isa = PBXFileReference; lastKnownFileType = wrapper.framework; name = AVFoundation.framework; path = System/Library/Frameworks/AVFoundation.framework; sourceTree = SDKROOT; };
		92B9916C19FC480F00E43E08 /* FLPayPalController.swift */ = {isa = PBXFileReference; fileEncoding = 4; lastKnownFileType = sourcecode.swift; name = FLPayPalController.swift; path = Core/PayPal/FLPayPalController.swift; sourceTree = "<group>"; };
		92B9916F19FC542300E43E08 /* FLUserInfoViewController.swift */ = {isa = PBXFileReference; fileEncoding = 4; lastKnownFileType = sourcecode.swift; name = FLUserInfoViewController.swift; path = ViewControllers/UserInfo/FLUserInfoViewController.swift; sourceTree = "<group>"; };
		92B9917019FC542300E43E08 /* FLUserInfoViewController.xib */ = {isa = PBXFileReference; fileEncoding = 4; lastKnownFileType = file.xib; name = FLUserInfoViewController.xib; path = ViewControllers/UserInfo/FLUserInfoViewController.xib; sourceTree = "<group>"; };
		92B9917419FC596600E43E08 /* FLPreferenceCell.swift */ = {isa = PBXFileReference; fileEncoding = 4; lastKnownFileType = sourcecode.swift; name = FLPreferenceCell.swift; path = ViewControllers/UserInfo/Cell/FLPreferenceCell.swift; sourceTree = "<group>"; };
		92B9917519FC596600E43E08 /* FLPreferenceCell.xib */ = {isa = PBXFileReference; fileEncoding = 4; lastKnownFileType = file.xib; name = FLPreferenceCell.xib; path = ViewControllers/UserInfo/Cell/FLPreferenceCell.xib; sourceTree = "<group>"; };
		92B9917819FC5D4200E43E08 /* FLPreferenceEntity.swift */ = {isa = PBXFileReference; fileEncoding = 4; lastKnownFileType = sourcecode.swift; name = FLPreferenceEntity.swift; path = Core/Entities/FLPreferenceEntity.swift; sourceTree = "<group>"; };
		92B9917B19FC6F9300E43E08 /* FLBillViewController.swift */ = {isa = PBXFileReference; fileEncoding = 4; lastKnownFileType = sourcecode.swift; name = FLBillViewController.swift; path = ViewControllers/Bill/FLBillViewController.swift; sourceTree = "<group>"; };
		92B9917C19FC6F9300E43E08 /* FLBillViewController.xib */ = {isa = PBXFileReference; fileEncoding = 4; lastKnownFileType = file.xib; name = FLBillViewController.xib; path = ViewControllers/Bill/FLBillViewController.xib; sourceTree = "<group>"; };
		92B9918719FC892D00E43E08 /* FLHeaderBillCell.swift */ = {isa = PBXFileReference; fileEncoding = 4; lastKnownFileType = sourcecode.swift; name = FLHeaderBillCell.swift; path = ViewControllers/Bill/FLHeaderBillCell.swift; sourceTree = "<group>"; };
		92B9918819FC892D00E43E08 /* FLHeaderBillCell.xib */ = {isa = PBXFileReference; fileEncoding = 4; lastKnownFileType = file.xib; name = FLHeaderBillCell.xib; path = ViewControllers/Bill/FLHeaderBillCell.xib; sourceTree = "<group>"; };
		92B9918B19FC893B00E43E08 /* FLBillCell.swift */ = {isa = PBXFileReference; fileEncoding = 4; lastKnownFileType = sourcecode.swift; name = FLBillCell.swift; path = ViewControllers/Bill/FLBillCell.swift; sourceTree = "<group>"; };
		92B9918C19FC893B00E43E08 /* FLBillCell.xib */ = {isa = PBXFileReference; fileEncoding = 4; lastKnownFileType = file.xib; name = FLBillCell.xib; path = ViewControllers/Bill/FLBillCell.xib; sourceTree = "<group>"; };
		92B9919019FC98BD00E43E08 /* FLStartViewController.swift */ = {isa = PBXFileReference; fileEncoding = 4; lastKnownFileType = sourcecode.swift; name = FLStartViewController.swift; path = ViewControllers/Start/FLStartViewController.swift; sourceTree = "<group>"; };
		92B9919119FC98BD00E43E08 /* FLStartViewController.xib */ = {isa = PBXFileReference; fileEncoding = 4; lastKnownFileType = file.xib; name = FLStartViewController.xib; path = ViewControllers/Start/FLStartViewController.xib; sourceTree = "<group>"; };
		92B9919A19FCA31100E43E08 /* FLTutorialButton.swift */ = {isa = PBXFileReference; fileEncoding = 4; lastKnownFileType = sourcecode.swift; name = FLTutorialButton.swift; path = ViewControllers/Start/FLTutorialButton.swift; sourceTree = "<group>"; };
		92CBB3D719FBA574000E5732 /* Foodle.app */ = {isa = PBXFileReference; explicitFileType = wrapper.application; includeInIndex = 0; path = Foodle.app; sourceTree = BUILT_PRODUCTS_DIR; };
		92CBB3DB19FBA574000E5732 /* Info.plist */ = {isa = PBXFileReference; lastKnownFileType = text.plist.xml; path = Info.plist; sourceTree = "<group>"; };
		92CBB3DC19FBA574000E5732 /* AppDelegate.swift */ = {isa = PBXFileReference; lastKnownFileType = sourcecode.swift; path = AppDelegate.swift; sourceTree = "<group>"; };
		92CBB3E319FBA574000E5732 /* Images.xcassets */ = {isa = PBXFileReference; lastKnownFileType = folder.assetcatalog; path = Images.xcassets; sourceTree = "<group>"; };
		92CBB3E619FBA574000E5732 /* Base */ = {isa = PBXFileReference; lastKnownFileType = file.xib; name = Base; path = Base.lproj/LaunchScreen.xib; sourceTree = "<group>"; };
		92CBB40119FBA657000E5732 /* FoodModels.app */ = {isa = PBXFileReference; explicitFileType = wrapper.application; includeInIndex = 0; path = FoodModels.app; sourceTree = BUILT_PRODUCTS_DIR; };
		92CBB40419FBA657000E5732 /* Info.plist */ = {isa = PBXFileReference; lastKnownFileType = text.plist.xml; path = Info.plist; sourceTree = "<group>"; };
		92CBB40519FBA657000E5732 /* main.m */ = {isa = PBXFileReference; lastKnownFileType = sourcecode.c.objc; path = main.m; sourceTree = "<group>"; };
		92CBB40719FBA657000E5732 /* AppDelegate.h */ = {isa = PBXFileReference; lastKnownFileType = sourcecode.c.h; path = AppDelegate.h; sourceTree = "<group>"; };
		92CBB40819FBA657000E5732 /* AppDelegate.m */ = {isa = PBXFileReference; lastKnownFileType = sourcecode.c.objc; path = AppDelegate.m; sourceTree = "<group>"; };
		92CBB40A19FBA657000E5732 /* ViewController.h */ = {isa = PBXFileReference; lastKnownFileType = sourcecode.c.h; path = ViewController.h; sourceTree = "<group>"; };
		92CBB40B19FBA657000E5732 /* ViewController.m */ = {isa = PBXFileReference; lastKnownFileType = sourcecode.c.objc; path = ViewController.m; sourceTree = "<group>"; };
		92CBB40E19FBA657000E5732 /* Base */ = {isa = PBXFileReference; lastKnownFileType = file.storyboard; name = Base; path = Base.lproj/Main.storyboard; sourceTree = "<group>"; };
		92CBB41019FBA657000E5732 /* Images.xcassets */ = {isa = PBXFileReference; lastKnownFileType = folder.assetcatalog; path = Images.xcassets; sourceTree = "<group>"; };
		92CBB41319FBA657000E5732 /* Base */ = {isa = PBXFileReference; lastKnownFileType = file.xib; name = Base; path = Base.lproj/LaunchScreen.xib; sourceTree = "<group>"; };
		92CBB42919FBA6A2000E5732 /* Foodle-Bridging-Header.h */ = {isa = PBXFileReference; lastKnownFileType = sourcecode.c.h; path = "Foodle-Bridging-Header.h"; sourceTree = "<group>"; };
		92CBB42D19FBA77F000E5732 /* FLBaseViewController.swift */ = {isa = PBXFileReference; fileEncoding = 4; lastKnownFileType = sourcecode.swift; name = FLBaseViewController.swift; path = ViewControllers/Base/FLBaseViewController.swift; sourceTree = "<group>"; };
		92CBB43119FBA7B7000E5732 /* FLRestaurantsViewController.swift */ = {isa = PBXFileReference; fileEncoding = 4; lastKnownFileType = sourcecode.swift; name = FLRestaurantsViewController.swift; path = ViewControllers/Restaurants/FLRestaurantsViewController.swift; sourceTree = "<group>"; };
		92CBB43219FBA7B7000E5732 /* FLRestaurantsViewController.xib */ = {isa = PBXFileReference; fileEncoding = 4; lastKnownFileType = file.xib; name = FLRestaurantsViewController.xib; path = ViewControllers/Restaurants/FLRestaurantsViewController.xib; sourceTree = "<group>"; };
		92CBB43519FBA801000E5732 /* FLBaseNavigationController.swift */ = {isa = PBXFileReference; fileEncoding = 4; lastKnownFileType = sourcecode.swift; name = FLBaseNavigationController.swift; path = ViewControllers/Base/FLBaseNavigationController.swift; sourceTree = "<group>"; };
		92D6EF7019FBBFBB0082EEE2 /* UIFont+FLFont.h */ = {isa = PBXFileReference; fileEncoding = 4; lastKnownFileType = sourcecode.c.h; name = "UIFont+FLFont.h"; path = "Third/UIFont+FLFont.h"; sourceTree = "<group>"; };
		92D6EF7119FBBFBB0082EEE2 /* UIFont+FLFont.m */ = {isa = PBXFileReference; fileEncoding = 4; lastKnownFileType = sourcecode.c.objc; name = "UIFont+FLFont.m"; path = "Third/UIFont+FLFont.m"; sourceTree = "<group>"; };
		92D6EF7419FBC2970082EEE2 /* FLRestaurantViewController.swift */ = {isa = PBXFileReference; fileEncoding = 4; lastKnownFileType = sourcecode.swift; name = FLRestaurantViewController.swift; path = ViewControllers/Restaurant/FLRestaurantViewController.swift; sourceTree = "<group>"; };
		92D6EF7519FBC2970082EEE2 /* FLRestaurantViewController.xib */ = {isa = PBXFileReference; fileEncoding = 4; lastKnownFileType = file.xib; name = FLRestaurantViewController.xib; path = ViewControllers/Restaurant/FLRestaurantViewController.xib; sourceTree = "<group>"; };
		92D6EF7E19FBC4540082EEE2 /* FLRestaurantMainCell.swift */ = {isa = PBXFileReference; fileEncoding = 4; lastKnownFileType = sourcecode.swift; name = FLRestaurantMainCell.swift; path = ViewControllers/Restaurant/Cells/FLRestaurantMainCell.swift; sourceTree = "<group>"; };
		92D6EF7F19FBC4540082EEE2 /* FLRestaurantMainCell.xib */ = {isa = PBXFileReference; fileEncoding = 4; lastKnownFileType = file.xib; name = FLRestaurantMainCell.xib; path = ViewControllers/Restaurant/Cells/FLRestaurantMainCell.xib; sourceTree = "<group>"; };
		92D6EF8219FBCB740082EEE2 /* FLRestaurantInfoCell.swift */ = {isa = PBXFileReference; fileEncoding = 4; lastKnownFileType = sourcecode.swift; name = FLRestaurantInfoCell.swift; path = ViewControllers/Restaurant/Cells/FLRestaurantInfoCell.swift; sourceTree = "<group>"; };
		92D6EF8319FBCB740082EEE2 /* FLRestaurantInfoCell.xib */ = {isa = PBXFileReference; fileEncoding = 4; lastKnownFileType = file.xib; name = FLRestaurantInfoCell.xib; path = ViewControllers/Restaurant/Cells/FLRestaurantInfoCell.xib; sourceTree = "<group>"; };
		92D6EF8619FBD1280082EEE2 /* FLButtonCell.swift */ = {isa = PBXFileReference; fileEncoding = 4; lastKnownFileType = sourcecode.swift; name = FLButtonCell.swift; path = ViewControllers/Restaurant/Cells/FLButtonCell.swift; sourceTree = "<group>"; };
		92D6EF8719FBD1280082EEE2 /* FLButtonCell.xib */ = {isa = PBXFileReference; fileEncoding = 4; lastKnownFileType = file.xib; name = FLButtonCell.xib; path = ViewControllers/Restaurant/Cells/FLButtonCell.xib; sourceTree = "<group>"; };
		92D6EF8A19FBD7100082EEE2 /* FLRestaurantPayCell.swift */ = {isa = PBXFileReference; fileEncoding = 4; lastKnownFileType = sourcecode.swift; name = FLRestaurantPayCell.swift; path = ViewControllers/Restaurant/Cells/FLRestaurantPayCell.swift; sourceTree = "<group>"; };
		92D6EF8B19FBD7100082EEE2 /* FLRestaurantPayCell.xib */ = {isa = PBXFileReference; fileEncoding = 4; lastKnownFileType = file.xib; name = FLRestaurantPayCell.xib; path = ViewControllers/Restaurant/Cells/FLRestaurantPayCell.xib; sourceTree = "<group>"; };
		92D6EF8F19FBDE300082EEE2 /* FLMenuViewController.swift */ = {isa = PBXFileReference; fileEncoding = 4; lastKnownFileType = sourcecode.swift; name = FLMenuViewController.swift; path = ViewControllers/Menu/FLMenuViewController.swift; sourceTree = "<group>"; };
		92D6EF9019FBDE300082EEE2 /* FLMenuViewController.xib */ = {isa = PBXFileReference; fileEncoding = 4; lastKnownFileType = file.xib; name = FLMenuViewController.xib; path = ViewControllers/Menu/FLMenuViewController.xib; sourceTree = "<group>"; };
		92D6EF9919FBE4030082EEE2 /* FLDishTableViewCell.swift */ = {isa = PBXFileReference; fileEncoding = 4; lastKnownFileType = sourcecode.swift; name = FLDishTableViewCell.swift; path = ViewControllers/Menu/Cell/FLDishTableViewCell.swift; sourceTree = "<group>"; };
		92D6EF9A19FBE4030082EEE2 /* FLDishTableViewCell.xib */ = {isa = PBXFileReference; fileEncoding = 4; lastKnownFileType = file.xib; name = FLDishTableViewCell.xib; path = ViewControllers/Menu/Cell/FLDishTableViewCell.xib; sourceTree = "<group>"; };
		92D6EF9D19FBE6F60082EEE2 /* FLDishEntity.swift */ = {isa = PBXFileReference; fileEncoding = 4; lastKnownFileType = sourcecode.swift; name = FLDishEntity.swift; path = Core/Entities/FLDishEntity.swift; sourceTree = "<group>"; };
		A538528219FC5E420080F19E /* FLOrderRequestsManager.h */ = {isa = PBXFileReference; fileEncoding = 4; lastKnownFileType = sourcecode.c.h; name = FLOrderRequestsManager.h; path = Network/FLOrderRequestsManager.h; sourceTree = "<group>"; };
		A538528319FC5E420080F19E /* FLOrderRequestsManager.m */ = {isa = PBXFileReference; fileEncoding = 4; lastKnownFileType = sourcecode.c.objc; name = FLOrderRequestsManager.m; path = Network/FLOrderRequestsManager.m; sourceTree = "<group>"; };
		A538528519FC608B0080F19E /* FLHTTPRequestOperationManager.h */ = {isa = PBXFileReference; fileEncoding = 4; lastKnownFileType = sourcecode.c.h; path = FLHTTPRequestOperationManager.h; sourceTree = "<group>"; };
		A538528619FC608B0080F19E /* FLHTTPRequestOperationManager.m */ = {isa = PBXFileReference; fileEncoding = 4; lastKnownFileType = sourcecode.c.objc; path = FLHTTPRequestOperationManager.m; sourceTree = "<group>"; };
		A538528819FC63E60080F19E /* FLUserRequestsManager.h */ = {isa = PBXFileReference; fileEncoding = 4; lastKnownFileType = sourcecode.c.h; name = FLUserRequestsManager.h; path = Network/FLUserRequestsManager.h; sourceTree = "<group>"; };
		A538528919FC63E60080F19E /* FLUserRequestsManager.m */ = {isa = PBXFileReference; fileEncoding = 4; lastKnownFileType = sourcecode.c.objc; name = FLUserRequestsManager.m; path = Network/FLUserRequestsManager.m; sourceTree = "<group>"; };
		A538528B19FC6E410080F19E /* FLRestaurantsRequestManager.h */ = {isa = PBXFileReference; fileEncoding = 4; lastKnownFileType = sourcecode.c.h; name = FLRestaurantsRequestManager.h; path = Network/FLRestaurantsRequestManager.h; sourceTree = "<group>"; };
		A538528C19FC6E410080F19E /* FLRestaurantsRequestManager.m */ = {isa = PBXFileReference; fileEncoding = 4; lastKnownFileType = sourcecode.c.objc; name = FLRestaurantsRequestManager.m; path = Network/FLRestaurantsRequestManager.m; sourceTree = "<group>"; };
		A538528E19FC73110080F19E /* FLModelHolder.swift */ = {isa = PBXFileReference; fileEncoding = 4; lastKnownFileType = sourcecode.swift; name = FLModelHolder.swift; path = Core/Entities/FLModelHolder.swift; sourceTree = "<group>"; };
		FC060073648A666DD1C33A9A /* libPods.a */ = {isa = PBXFileReference; explicitFileType = archive.ar; includeInIndex = 0; path = libPods.a; sourceTree = BUILT_PRODUCTS_DIR; };
/* End PBXFileReference section */

/* Begin PBXFrameworksBuildPhase section */
		92CBB3D419FBA574000E5732 /* Frameworks */ = {
			isa = PBXFrameworksBuildPhase;
			buildActionMask = 2147483647;
			files = (
				92B9913719FC2ACF00E43E08 /* AudioToolbox.framework in Frameworks */,
				92B9916B19FC41F500E43E08 /* AVFoundation.framework in Frameworks */,
				92B9914919FC2AF800E43E08 /* SystemConfiguration.framework in Frameworks */,
				92B9914119FC2AE600E43E08 /* MobileCoreServices.framework in Frameworks */,
				92B9916919FC41E300E43E08 /* CoreMedia.framework in Frameworks */,
				92B9916719FC41DF00E43E08 /* CoreAudio.framework in Frameworks */,
				92B9916519FC41D100E43E08 /* MessageUI.framework in Frameworks */,
				92B9914719FC2AF400E43E08 /* StoreKit.framework in Frameworks */,
				92B9914519FC2AEF00E43E08 /* Security.framework in Frameworks */,
				92B9914319FC2AEA00E43E08 /* QuartzCore.framework in Frameworks */,
				92B9916319FC419000E43E08 /* libPayPalMobile.a in Frameworks */,
				92B9913F19FC2AE200E43E08 /* libz.dylib in Frameworks */,
				92B9913D19FC2ADD00E43E08 /* CoreLocation.framework in Frameworks */,
				92B9913B19FC2AD800E43E08 /* CoreGraphics.framework in Frameworks */,
				92B9913919FC2AD400E43E08 /* CFNetwork.framework in Frameworks */,
				74727842FDA851B1A621A8E8 /* libPods.a in Frameworks */,
				92B9913419FC2ABF00E43E08 /* Parse.framework in Frameworks */,
				92B9914B19FC2CC800E43E08 /* FacebookSDK.framework in Frameworks */,
			);
			runOnlyForDeploymentPostprocessing = 0;
		};
		92CBB3FE19FBA657000E5732 /* Frameworks */ = {
			isa = PBXFrameworksBuildPhase;
			buildActionMask = 2147483647;
			files = (
			);
			runOnlyForDeploymentPostprocessing = 0;
		};
/* End PBXFrameworksBuildPhase section */

/* Begin PBXGroup section */
		55A9A3B9F71BF4F77D5D9BD9 /* Frameworks */ = {
			isa = PBXGroup;
			children = (
				92B9916A19FC41F500E43E08 /* AVFoundation.framework */,
				92B9916819FC41E300E43E08 /* CoreMedia.framework */,
				92B9916619FC41DF00E43E08 /* CoreAudio.framework */,
				92B9916419FC41D100E43E08 /* MessageUI.framework */,
				92B9914A19FC2CC800E43E08 /* FacebookSDK.framework */,
				92B9914819FC2AF800E43E08 /* SystemConfiguration.framework */,
				92B9914619FC2AF400E43E08 /* StoreKit.framework */,
				92B9914419FC2AEF00E43E08 /* Security.framework */,
				92B9914219FC2AEA00E43E08 /* QuartzCore.framework */,
				92B9914019FC2AE600E43E08 /* MobileCoreServices.framework */,
				92B9913E19FC2AE200E43E08 /* libz.dylib */,
				92B9913C19FC2ADD00E43E08 /* CoreLocation.framework */,
				92B9913A19FC2AD800E43E08 /* CoreGraphics.framework */,
				92B9913819FC2AD400E43E08 /* CFNetwork.framework */,
				92B9913619FC2ACF00E43E08 /* AudioToolbox.framework */,
				92B9913119FC2ABF00E43E08 /* Parse.framework */,
				FC060073648A666DD1C33A9A /* libPods.a */,
			);
			name = Frameworks;
			sourceTree = "<group>";
		};
		920DED4D19FBFBAC00217EE8 /* Order */ = {
			isa = PBXGroup;
			children = (
				920DED5219FBFD6700217EE8 /* OrderCell */,
				920DED4E19FBFC0800217EE8 /* FLOrderViewController.swift */,
				920DED4F19FBFC0800217EE8 /* FLOrderViewController.xib */,
			);
			name = Order;
			sourceTree = "<group>";
		};
		920DED5219FBFD6700217EE8 /* OrderCell */ = {
			isa = PBXGroup;
			children = (
				920DED5319FBFD8B00217EE8 /* FLOrderCell.swift */,
				920DED5419FBFD8B00217EE8 /* FLOrderCell.xib */,
			);
			name = OrderCell;
			sourceTree = "<group>";
		};
		92138C3519FBAA70001F041B /* Entities */ = {
			isa = PBXGroup;
			children = (
				A538528E19FC73110080F19E /* FLModelHolder.swift */,
				92138C3619FBAA9E001F041B /* FLRestaurantEntity.swift */,
				92D6EF9D19FBE6F60082EEE2 /* FLDishEntity.swift */,
				92B9912E19FC268000E43E08 /* FLUserEntity.swift */,
				92B9917819FC5D4200E43E08 /* FLPreferenceEntity.swift */,
			);
			name = Entities;
			sourceTree = "<group>";
		};
		92138C3819FBAB48001F041B /* Cells */ = {
			isa = PBXGroup;
			children = (
				92138C3919FBAB64001F041B /* FLRestaurantCell.swift */,
				92B9914C19FC3C5000E43E08 /* FLRestaurantCell.xib */,
			);
			name = Cells;
			sourceTree = "<group>";
		};
		92138C3D19FBABD7001F041B /* Third */ = {
			isa = PBXGroup;
			children = (
				92138C3E19FBABED001F041B /* FrameCalculation.swift */,
				92138C4219FBB927001F041B /* Font.swift */,
				92D6EF7019FBBFBB0082EEE2 /* UIFont+FLFont.h */,
				92D6EF7119FBBFBB0082EEE2 /* UIFont+FLFont.m */,
			);
			name = Third;
			sourceTree = "<group>";
		};
		929F700619FC18A300A815A4 /* Gusts */ = {
			isa = PBXGroup;
			children = (
				92B9912919FC1A5600E43E08 /* Cells */,
				92B9912519FC198200E43E08 /* FLGuestViewController.swift */,
				92B9912619FC198200E43E08 /* FLGuestViewController.xib */,
			);
			name = Gusts;
			sourceTree = "<group>";
		};
		92B9912919FC1A5600E43E08 /* Cells */ = {
			isa = PBXGroup;
			children = (
				92B9912A19FC1A8200E43E08 /* FLGuestCell.swift */,
				92B9912B19FC1A8200E43E08 /* FLGuestCell.xib */,
			);
			name = Cells;
			sourceTree = "<group>";
		};
		92B9914E19FC40F500E43E08 /* Beacons */ = {
			isa = PBXGroup;
			children = (
				92B9914F19FC410000E43E08 /* FLBeaconBroadcaster.h */,
				92B9915019FC410000E43E08 /* FLBeaconBroadcaster.m */,
				92B9915119FC410000E43E08 /* FLBeaconsMonitor.h */,
				92B9915219FC410000E43E08 /* FLBeaconsMonitor.m */,
			);
			name = Beacons;
			sourceTree = "<group>";
		};
		92B9915519FC410600E43E08 /* PayPal */ = {
			isa = PBXGroup;
			children = (
				92B9915619FC411000E43E08 /* FLPaymentsManager.h */,
				92B9915719FC411000E43E08 /* FLPaymentsManager.m */,
				92B9916C19FC480F00E43E08 /* FLPayPalController.swift */,
			);
			name = PayPal;
			sourceTree = "<group>";
		};
		92B9915A19FC416900E43E08 /* PayPalLib */ = {
			isa = PBXGroup;
			children = (
				92B9915B19FC419000E43E08 /* libPayPalMobile.a */,
				92B9915C19FC419000E43E08 /* PayPalConfiguration.h */,
				92B9915D19FC419000E43E08 /* PayPalFuturePaymentViewController.h */,
				92B9915E19FC419000E43E08 /* PayPalMobile.h */,
				92B9915F19FC419000E43E08 /* PayPalOAuthScopes.h */,
				92B9916019FC419000E43E08 /* PayPalPayment.h */,
				92B9916119FC419000E43E08 /* PayPalPaymentViewController.h */,
				92B9916219FC419000E43E08 /* PayPalProfileSharingViewController.h */,
			);
			name = PayPalLib;
			sourceTree = "<group>";
		};
		92B9916E19FC540A00E43E08 /* UserInfo */ = {
			isa = PBXGroup;
			children = (
				92B9917319FC542700E43E08 /* Cell */,
				92B9916F19FC542300E43E08 /* FLUserInfoViewController.swift */,
				92B9917019FC542300E43E08 /* FLUserInfoViewController.xib */,
			);
			name = UserInfo;
			sourceTree = "<group>";
		};
		92B9917319FC542700E43E08 /* Cell */ = {
			isa = PBXGroup;
			children = (
				92B9917419FC596600E43E08 /* FLPreferenceCell.swift */,
				92B9917519FC596600E43E08 /* FLPreferenceCell.xib */,
			);
			name = Cell;
			sourceTree = "<group>";
		};
		92B9917A19FC6F7E00E43E08 /* Bill */ = {
			isa = PBXGroup;
			children = (
				92B9918219FC851E00E43E08 /* Cells */,
				92B9917B19FC6F9300E43E08 /* FLBillViewController.swift */,
				92B9917C19FC6F9300E43E08 /* FLBillViewController.xib */,
			);
			name = Bill;
			sourceTree = "<group>";
		};
		92B9918219FC851E00E43E08 /* Cells */ = {
			isa = PBXGroup;
			children = (
				92B9918719FC892D00E43E08 /* FLHeaderBillCell.swift */,
				92B9918819FC892D00E43E08 /* FLHeaderBillCell.xib */,
				92B9918B19FC893B00E43E08 /* FLBillCell.swift */,
				92B9918C19FC893B00E43E08 /* FLBillCell.xib */,
			);
			name = Cells;
			sourceTree = "<group>";
		};
		92B9918F19FC975300E43E08 /* StartScreen */ = {
			isa = PBXGroup;
			children = (
				92B9919919FCA2EC00E43E08 /* Button */,
				92B9919019FC98BD00E43E08 /* FLStartViewController.swift */,
				92B9919119FC98BD00E43E08 /* FLStartViewController.xib */,
			);
			name = StartScreen;
			sourceTree = "<group>";
		};
		92B9919919FCA2EC00E43E08 /* Button */ = {
			isa = PBXGroup;
			children = (
				92B9919A19FCA31100E43E08 /* FLTutorialButton.swift */,
			);
			name = Button;
			sourceTree = "<group>";
		};
		92CBB3CE19FBA574000E5732 = {
			isa = PBXGroup;
			children = (
				92CBB3D919FBA574000E5732 /* Foodle */,
				92CBB40219FBA657000E5732 /* FoodModels */,
				92CBB3D819FBA574000E5732 /* Products */,
				F81A08115F68273A4859CC52 /* Pods */,
				55A9A3B9F71BF4F77D5D9BD9 /* Frameworks */,
			);
			sourceTree = "<group>";
		};
		92CBB3D819FBA574000E5732 /* Products */ = {
			isa = PBXGroup;
			children = (
				92CBB3D719FBA574000E5732 /* Foodle.app */,
				92CBB40119FBA657000E5732 /* FoodModels.app */,
			);
			name = Products;
			sourceTree = "<group>";
		};
		92CBB3D919FBA574000E5732 /* Foodle */ = {
			isa = PBXGroup;
			children = (
				92D6EF9319FBDE6D0082EEE2 /* View */,
				92CBB3DC19FBA574000E5732 /* AppDelegate.swift */,
				92138C3D19FBABD7001F041B /* Third */,
				92CBB42819FBA68B000E5732 /* Core */,
				92CBB42719FBA685000E5732 /* ViewControllers */,
				92CBB3FC19FBA582000E5732 /* Resources */,
				92CBB3DA19FBA574000E5732 /* Supporting Files */,
				92CBB42919FBA6A2000E5732 /* Foodle-Bridging-Header.h */,
			);
			path = Foodle;
			sourceTree = "<group>";
		};
		92CBB3DA19FBA574000E5732 /* Supporting Files */ = {
			isa = PBXGroup;
			children = (
				92CBB3DB19FBA574000E5732 /* Info.plist */,
			);
			name = "Supporting Files";
			sourceTree = "<group>";
		};
		92CBB3FC19FBA582000E5732 /* Resources */ = {
			isa = PBXGroup;
			children = (
				92B9915A19FC416900E43E08 /* PayPalLib */,
				92138C4019FBB07E001F041B /* test.png */,
				92CBB3E319FBA574000E5732 /* Images.xcassets */,
				92CBB3E519FBA574000E5732 /* LaunchScreen.xib */,
			);
			name = Resources;
			sourceTree = "<group>";
		};
		92CBB40219FBA657000E5732 /* FoodModels */ = {
			isa = PBXGroup;
			children = (
				92CBB40719FBA657000E5732 /* AppDelegate.h */,
				92CBB40819FBA657000E5732 /* AppDelegate.m */,
				92CBB40A19FBA657000E5732 /* ViewController.h */,
				92CBB40B19FBA657000E5732 /* ViewController.m */,
				92CBB40D19FBA657000E5732 /* Main.storyboard */,
				92CBB41019FBA657000E5732 /* Images.xcassets */,
				92CBB41219FBA657000E5732 /* LaunchScreen.xib */,
				92CBB40319FBA657000E5732 /* Supporting Files */,
			);
			path = FoodModels;
			sourceTree = "<group>";
		};
		92CBB40319FBA657000E5732 /* Supporting Files */ = {
			isa = PBXGroup;
			children = (
				92CBB40419FBA657000E5732 /* Info.plist */,
				92CBB40519FBA657000E5732 /* main.m */,
			);
			name = "Supporting Files";
			sourceTree = "<group>";
		};
		92CBB42719FBA685000E5732 /* ViewControllers */ = {
			isa = PBXGroup;
			children = (
				92B9918F19FC975300E43E08 /* StartScreen */,
				92B9917A19FC6F7E00E43E08 /* Bill */,
				92B9916E19FC540A00E43E08 /* UserInfo */,
				929F700619FC18A300A815A4 /* Gusts */,
				920DED4D19FBFBAC00217EE8 /* Order */,
				92D6EF8E19FBDDCE0082EEE2 /* Menu */,
				92D6EF7319FBC1760082EEE2 /* RestaurantScreen */,
				92CBB43019FBA79C000E5732 /* Restaurants */,
				92CBB42F19FBA782000E5732 /* Base */,
			);
			name = ViewControllers;
			sourceTree = "<group>";
		};
		92CBB42819FBA68B000E5732 /* Core */ = {
			isa = PBXGroup;
			children = (
				A538528119FC5D990080F19E /* Server */,
				92B9915519FC410600E43E08 /* PayPal */,
				92B9914E19FC40F500E43E08 /* Beacons */,
				92138C3519FBAA70001F041B /* Entities */,
			);
			name = Core;
			sourceTree = "<group>";
		};
		92CBB42F19FBA782000E5732 /* Base */ = {
			isa = PBXGroup;
			children = (
				92CBB42D19FBA77F000E5732 /* FLBaseViewController.swift */,
				92CBB43519FBA801000E5732 /* FLBaseNavigationController.swift */,
			);
			name = Base;
			sourceTree = "<group>";
		};
		92CBB43019FBA79C000E5732 /* Restaurants */ = {
			isa = PBXGroup;
			children = (
				92138C3819FBAB48001F041B /* Cells */,
				92CBB43119FBA7B7000E5732 /* FLRestaurantsViewController.swift */,
				92CBB43219FBA7B7000E5732 /* FLRestaurantsViewController.xib */,
			);
			name = Restaurants;
			sourceTree = "<group>";
		};
		92D6EF7319FBC1760082EEE2 /* RestaurantScreen */ = {
			isa = PBXGroup;
			children = (
				92D6EF7819FBC3220082EEE2 /* Cells */,
				92D6EF7419FBC2970082EEE2 /* FLRestaurantViewController.swift */,
				92D6EF7519FBC2970082EEE2 /* FLRestaurantViewController.xib */,
			);
			name = RestaurantScreen;
			sourceTree = "<group>";
		};
		92D6EF7819FBC3220082EEE2 /* Cells */ = {
			isa = PBXGroup;
			children = (
				92D6EF7D19FBC3F60082EEE2 /* RestaurantMainCell */,
				92D6EF7C19FBC3E90082EEE2 /* RestaurantInfoCell */,
				92D6EF7A19FBC3D80082EEE2 /* ButtonCell */,
				92D6EF7919FBC3D20082EEE2 /* RestaurantPayCell */,
			);
			name = Cells;
			sourceTree = "<group>";
		};
		92D6EF7919FBC3D20082EEE2 /* RestaurantPayCell */ = {
			isa = PBXGroup;
			children = (
				92D6EF8A19FBD7100082EEE2 /* FLRestaurantPayCell.swift */,
				92D6EF8B19FBD7100082EEE2 /* FLRestaurantPayCell.xib */,
			);
			name = RestaurantPayCell;
			sourceTree = "<group>";
		};
		92D6EF7A19FBC3D80082EEE2 /* ButtonCell */ = {
			isa = PBXGroup;
			children = (
				92D6EF8619FBD1280082EEE2 /* FLButtonCell.swift */,
				92D6EF8719FBD1280082EEE2 /* FLButtonCell.xib */,
			);
			name = ButtonCell;
			sourceTree = "<group>";
		};
		92D6EF7C19FBC3E90082EEE2 /* RestaurantInfoCell */ = {
			isa = PBXGroup;
			children = (
				92D6EF8219FBCB740082EEE2 /* FLRestaurantInfoCell.swift */,
				92D6EF8319FBCB740082EEE2 /* FLRestaurantInfoCell.xib */,
			);
			name = RestaurantInfoCell;
			sourceTree = "<group>";
		};
		92D6EF7D19FBC3F60082EEE2 /* RestaurantMainCell */ = {
			isa = PBXGroup;
			children = (
				92D6EF7E19FBC4540082EEE2 /* FLRestaurantMainCell.swift */,
				92D6EF7F19FBC4540082EEE2 /* FLRestaurantMainCell.xib */,
			);
			name = RestaurantMainCell;
			sourceTree = "<group>";
		};
		92D6EF8E19FBDDCE0082EEE2 /* Menu */ = {
			isa = PBXGroup;
			children = (
				92D6EF9819FBE3E70082EEE2 /* Cell */,
				92D6EF8F19FBDE300082EEE2 /* FLMenuViewController.swift */,
				92D6EF9019FBDE300082EEE2 /* FLMenuViewController.xib */,
			);
			name = Menu;
			sourceTree = "<group>";
		};
		92D6EF9319FBDE6D0082EEE2 /* View */ = {
			isa = PBXGroup;
			children = (
			);
			name = View;
			sourceTree = "<group>";
		};
		92D6EF9819FBE3E70082EEE2 /* Cell */ = {
			isa = PBXGroup;
			children = (
				92D6EF9919FBE4030082EEE2 /* FLDishTableViewCell.swift */,
				92D6EF9A19FBE4030082EEE2 /* FLDishTableViewCell.xib */,
			);
			name = Cell;
			sourceTree = "<group>";
		};
		A538528119FC5D990080F19E /* Server */ = {
			isa = PBXGroup;
			children = (
				A538528519FC608B0080F19E /* FLHTTPRequestOperationManager.h */,
				A538528619FC608B0080F19E /* FLHTTPRequestOperationManager.m */,
				A538528219FC5E420080F19E /* FLOrderRequestsManager.h */,
				A538528319FC5E420080F19E /* FLOrderRequestsManager.m */,
				A538528819FC63E60080F19E /* FLUserRequestsManager.h */,
				A538528919FC63E60080F19E /* FLUserRequestsManager.m */,
				A538528B19FC6E410080F19E /* FLRestaurantsRequestManager.h */,
				A538528C19FC6E410080F19E /* FLRestaurantsRequestManager.m */,
			);
			name = Server;
			sourceTree = "<group>";
		};
		F81A08115F68273A4859CC52 /* Pods */ = {
			isa = PBXGroup;
			children = (
				5B9F58D8B17A7DA5120BB25A /* Pods.debug.xcconfig */,
				286CB336AE9E647C5C96382E /* Pods.release.xcconfig */,
			);
			name = Pods;
			sourceTree = "<group>";
		};
/* End PBXGroup section */

/* Begin PBXNativeTarget section */
		92CBB3D619FBA574000E5732 /* Foodle */ = {
			isa = PBXNativeTarget;
			buildConfigurationList = 92CBB3F619FBA574000E5732 /* Build configuration list for PBXNativeTarget "Foodle" */;
			buildPhases = (
				843A35E7B3906E9886A8847B /* Check Pods Manifest.lock */,
				92CBB3D319FBA574000E5732 /* Sources */,
				92CBB3D419FBA574000E5732 /* Frameworks */,
				92CBB3D519FBA574000E5732 /* Resources */,
				E60F873980D75D47565B2A00 /* Copy Pods Resources */,
			);
			buildRules = (
			);
			dependencies = (
			);
			name = Foodle;
			productName = Foodle;
			productReference = 92CBB3D719FBA574000E5732 /* Foodle.app */;
			productType = "com.apple.product-type.application";
		};
		92CBB40019FBA657000E5732 /* FoodModels */ = {
			isa = PBXNativeTarget;
			buildConfigurationList = 92CBB42119FBA657000E5732 /* Build configuration list for PBXNativeTarget "FoodModels" */;
			buildPhases = (
				92CBB3FD19FBA657000E5732 /* Sources */,
				92CBB3FE19FBA657000E5732 /* Frameworks */,
				92CBB3FF19FBA657000E5732 /* Resources */,
			);
			buildRules = (
			);
			dependencies = (
			);
			name = FoodModels;
			productName = FoodModels;
			productReference = 92CBB40119FBA657000E5732 /* FoodModels.app */;
			productType = "com.apple.product-type.application";
		};
/* End PBXNativeTarget section */

/* Begin PBXProject section */
		92CBB3CF19FBA574000E5732 /* Project object */ = {
			isa = PBXProject;
			attributes = {
				CLASSPREFIX = FL;
				LastUpgradeCheck = 0610;
				ORGANIZATIONNAME = Foodlle;
				TargetAttributes = {
					92CBB3D619FBA574000E5732 = {
						CreatedOnToolsVersion = 6.1;
						DevelopmentTeam = H4T5NA996X;
						SystemCapabilities = {
							com.apple.BackgroundModes = {
								enabled = 1;
							};
						};
					};
					92CBB40019FBA657000E5732 = {
						CreatedOnToolsVersion = 6.1;
					};
				};
			};
			buildConfigurationList = 92CBB3D219FBA574000E5732 /* Build configuration list for PBXProject "Foodle" */;
			compatibilityVersion = "Xcode 3.2";
			developmentRegion = English;
			hasScannedForEncodings = 0;
			knownRegions = (
				en,
				Base,
			);
			mainGroup = 92CBB3CE19FBA574000E5732;
			productRefGroup = 92CBB3D819FBA574000E5732 /* Products */;
			projectDirPath = "";
			projectRoot = "";
			targets = (
				92CBB3D619FBA574000E5732 /* Foodle */,
				92CBB40019FBA657000E5732 /* FoodModels */,
			);
		};
/* End PBXProject section */

/* Begin PBXResourcesBuildPhase section */
		92CBB3D519FBA574000E5732 /* Resources */ = {
			isa = PBXResourcesBuildPhase;
			buildActionMask = 2147483647;
			files = (
				92B9917719FC596600E43E08 /* FLPreferenceCell.xib in Resources */,
				92B9914D19FC3C5000E43E08 /* FLRestaurantCell.xib in Resources */,
				920DED5119FBFC0800217EE8 /* FLOrderViewController.xib in Resources */,
				92B9912819FC198200E43E08 /* FLGuestViewController.xib in Resources */,
				92B9917E19FC6F9300E43E08 /* FLBillViewController.xib in Resources */,
				92B9919319FC98BD00E43E08 /* FLStartViewController.xib in Resources */,
				92D6EF9219FBDE300082EEE2 /* FLMenuViewController.xib in Resources */,
				92D6EF9C19FBE4030082EEE2 /* FLDishTableViewCell.xib in Resources */,
				92B9918A19FC892D00E43E08 /* FLHeaderBillCell.xib in Resources */,
				92D6EF8519FBCB740082EEE2 /* FLRestaurantInfoCell.xib in Resources */,
				92D6EF8119FBC4540082EEE2 /* FLRestaurantMainCell.xib in Resources */,
				920DED5619FBFD8B00217EE8 /* FLOrderCell.xib in Resources */,
				92D6EF7719FBC2970082EEE2 /* FLRestaurantViewController.xib in Resources */,
				92D6EF8919FBD1280082EEE2 /* FLButtonCell.xib in Resources */,
				92B9912D19FC1A8200E43E08 /* FLGuestCell.xib in Resources */,
				92B9918E19FC893B00E43E08 /* FLBillCell.xib in Resources */,
				92138C4119FBB07E001F041B /* test.png in Resources */,
				92CBB43419FBA7B7000E5732 /* FLRestaurantsViewController.xib in Resources */,
				92CBB3E719FBA574000E5732 /* LaunchScreen.xib in Resources */,
				92CBB3E419FBA574000E5732 /* Images.xcassets in Resources */,
				92D6EF8D19FBD7100082EEE2 /* FLRestaurantPayCell.xib in Resources */,
				92B9917219FC542300E43E08 /* FLUserInfoViewController.xib in Resources */,
			);
			runOnlyForDeploymentPostprocessing = 0;
		};
		92CBB3FF19FBA657000E5732 /* Resources */ = {
			isa = PBXResourcesBuildPhase;
			buildActionMask = 2147483647;
			files = (
				92CBB40F19FBA657000E5732 /* Main.storyboard in Resources */,
				92CBB41419FBA657000E5732 /* LaunchScreen.xib in Resources */,
				92CBB41119FBA657000E5732 /* Images.xcassets in Resources */,
			);
			runOnlyForDeploymentPostprocessing = 0;
		};
/* End PBXResourcesBuildPhase section */

/* Begin PBXShellScriptBuildPhase section */
		843A35E7B3906E9886A8847B /* Check Pods Manifest.lock */ = {
			isa = PBXShellScriptBuildPhase;
			buildActionMask = 2147483647;
			files = (
			);
			inputPaths = (
			);
			name = "Check Pods Manifest.lock";
			outputPaths = (
			);
			runOnlyForDeploymentPostprocessing = 0;
			shellPath = /bin/sh;
			shellScript = "diff \"${PODS_ROOT}/../Podfile.lock\" \"${PODS_ROOT}/Manifest.lock\" > /dev/null\nif [[ $? != 0 ]] ; then\n    cat << EOM\nerror: The sandbox is not in sync with the Podfile.lock. Run 'pod install' or update your CocoaPods installation.\nEOM\n    exit 1\nfi\n";
			showEnvVarsInLog = 0;
		};
		E60F873980D75D47565B2A00 /* Copy Pods Resources */ = {
			isa = PBXShellScriptBuildPhase;
			buildActionMask = 2147483647;
			files = (
			);
			inputPaths = (
			);
			name = "Copy Pods Resources";
			outputPaths = (
			);
			runOnlyForDeploymentPostprocessing = 0;
			shellPath = /bin/sh;
			shellScript = "\"${SRCROOT}/Pods/Target Support Files/Pods/Pods-resources.sh\"\n";
			showEnvVarsInLog = 0;
		};
/* End PBXShellScriptBuildPhase section */

/* Begin PBXSourcesBuildPhase section */
		92CBB3D319FBA574000E5732 /* Sources */ = {
			isa = PBXSourcesBuildPhase;
			buildActionMask = 2147483647;
			files = (
				92B9915819FC411000E43E08 /* FLPaymentsManager.m in Sources */,
				92D6EF7219FBBFBB0082EEE2 /* UIFont+FLFont.m in Sources */,
				92B9912F19FC268000E43E08 /* FLUserEntity.swift in Sources */,
				92D6EF9B19FBE4030082EEE2 /* FLDishTableViewCell.swift in Sources */,
				92D6EF8019FBC4540082EEE2 /* FLRestaurantMainCell.swift in Sources */,
				92138C3B19FBAB64001F041B /* FLRestaurantCell.swift in Sources */,
				92B9917919FC5D4200E43E08 /* FLPreferenceEntity.swift in Sources */,
				92B9915319FC410000E43E08 /* FLBeaconBroadcaster.m in Sources */,
				92138C3719FBAA9E001F041B /* FLRestaurantEntity.swift in Sources */,
				92D6EF8419FBCB740082EEE2 /* FLRestaurantInfoCell.swift in Sources */,
				92B9917D19FC6F9300E43E08 /* FLBillViewController.swift in Sources */,
				92D6EF8819FBD1280082EEE2 /* FLButtonCell.swift in Sources */,
				92B9918D19FC893B00E43E08 /* FLBillCell.swift in Sources */,
				A538528419FC5E420080F19E /* FLOrderRequestsManager.m in Sources */,
				A538528A19FC63E60080F19E /* FLUserRequestsManager.m in Sources */,
				92B9919219FC98BD00E43E08 /* FLStartViewController.swift in Sources */,
				92D6EF9119FBDE300082EEE2 /* FLMenuViewController.swift in Sources */,
				92CBB43619FBA801000E5732 /* FLBaseNavigationController.swift in Sources */,
				92CBB3DD19FBA574000E5732 /* AppDelegate.swift in Sources */,
				A538528F19FC73110080F19E /* FLModelHolder.swift in Sources */,
				92138C4319FBB927001F041B /* Font.swift in Sources */,
				92D6EF7619FBC2970082EEE2 /* FLRestaurantViewController.swift in Sources */,
				92CBB43319FBA7B7000E5732 /* FLRestaurantsViewController.swift in Sources */,
				A538528719FC608B0080F19E /* FLHTTPRequestOperationManager.m in Sources */,
				92B9918919FC892D00E43E08 /* FLHeaderBillCell.swift in Sources */,
				920DED5519FBFD8B00217EE8 /* FLOrderCell.swift in Sources */,
				92D6EF8C19FBD7100082EEE2 /* FLRestaurantPayCell.swift in Sources */,
				92B9919B19FCA31100E43E08 /* FLTutorialButton.swift in Sources */,
				92B9916D19FC480F00E43E08 /* FLPayPalController.swift in Sources */,
				92138C3F19FBABED001F041B /* FrameCalculation.swift in Sources */,
				92B9917119FC542300E43E08 /* FLUserInfoViewController.swift in Sources */,
				A538528D19FC6E410080F19E /* FLRestaurantsRequestManager.m in Sources */,
				92B9915419FC410000E43E08 /* FLBeaconsMonitor.m in Sources */,
				92B9917619FC596600E43E08 /* FLPreferenceCell.swift in Sources */,
				920DED5019FBFC0800217EE8 /* FLOrderViewController.swift in Sources */,
				92CBB42E19FBA77F000E5732 /* FLBaseViewController.swift in Sources */,
				92D6EF9E19FBE6F60082EEE2 /* FLDishEntity.swift in Sources */,
				92B9912719FC198200E43E08 /* FLGuestViewController.swift in Sources */,
				92B9912C19FC1A8200E43E08 /* FLGuestCell.swift in Sources */,
			);
			runOnlyForDeploymentPostprocessing = 0;
		};
		92CBB3FD19FBA657000E5732 /* Sources */ = {
			isa = PBXSourcesBuildPhase;
			buildActionMask = 2147483647;
			files = (
				92CBB40C19FBA657000E5732 /* ViewController.m in Sources */,
				92CBB40919FBA657000E5732 /* AppDelegate.m in Sources */,
				92CBB40619FBA657000E5732 /* main.m in Sources */,
			);
			runOnlyForDeploymentPostprocessing = 0;
		};
/* End PBXSourcesBuildPhase section */

/* Begin PBXVariantGroup section */
		92CBB3E519FBA574000E5732 /* LaunchScreen.xib */ = {
			isa = PBXVariantGroup;
			children = (
				92CBB3E619FBA574000E5732 /* Base */,
			);
			name = LaunchScreen.xib;
			sourceTree = "<group>";
		};
		92CBB40D19FBA657000E5732 /* Main.storyboard */ = {
			isa = PBXVariantGroup;
			children = (
				92CBB40E19FBA657000E5732 /* Base */,
			);
			name = Main.storyboard;
			sourceTree = "<group>";
		};
		92CBB41219FBA657000E5732 /* LaunchScreen.xib */ = {
			isa = PBXVariantGroup;
			children = (
				92CBB41319FBA657000E5732 /* Base */,
			);
			name = LaunchScreen.xib;
			sourceTree = "<group>";
		};
/* End PBXVariantGroup section */

/* Begin XCBuildConfiguration section */
		92CBB3F419FBA574000E5732 /* Debug */ = {
			isa = XCBuildConfiguration;
			buildSettings = {
				ALWAYS_SEARCH_USER_PATHS = NO;
				CLANG_CXX_LANGUAGE_STANDARD = "gnu++0x";
				CLANG_CXX_LIBRARY = "libc++";
				CLANG_ENABLE_MODULES = YES;
				CLANG_ENABLE_OBJC_ARC = YES;
				CLANG_WARN_BOOL_CONVERSION = YES;
				CLANG_WARN_CONSTANT_CONVERSION = YES;
				CLANG_WARN_DIRECT_OBJC_ISA_USAGE = YES_ERROR;
				CLANG_WARN_EMPTY_BODY = YES;
				CLANG_WARN_ENUM_CONVERSION = YES;
				CLANG_WARN_INT_CONVERSION = YES;
				CLANG_WARN_OBJC_ROOT_CLASS = YES_ERROR;
				CLANG_WARN_UNREACHABLE_CODE = YES;
				CLANG_WARN__DUPLICATE_METHOD_MATCH = YES;
				"CODE_SIGN_IDENTITY[sdk=iphoneos*]" = "iPhone Developer";
				COPY_PHASE_STRIP = NO;
				ENABLE_STRICT_OBJC_MSGSEND = YES;
				GCC_C_LANGUAGE_STANDARD = gnu99;
				GCC_DYNAMIC_NO_PIC = NO;
				GCC_OPTIMIZATION_LEVEL = 0;
				GCC_PREPROCESSOR_DEFINITIONS = (
					"DEBUG=1",
					"$(inherited)",
				);
				GCC_SYMBOLS_PRIVATE_EXTERN = NO;
				GCC_WARN_64_TO_32_BIT_CONVERSION = YES;
				GCC_WARN_ABOUT_RETURN_TYPE = YES_ERROR;
				GCC_WARN_UNDECLARED_SELECTOR = YES;
				GCC_WARN_UNINITIALIZED_AUTOS = YES_AGGRESSIVE;
				GCC_WARN_UNUSED_FUNCTION = YES;
				GCC_WARN_UNUSED_VARIABLE = YES;
				IPHONEOS_DEPLOYMENT_TARGET = 8.1;
				MTL_ENABLE_DEBUG_INFO = YES;
				ONLY_ACTIVE_ARCH = YES;
				SDKROOT = iphoneos;
				SWIFT_OPTIMIZATION_LEVEL = "-Onone";
			};
			name = Debug;
		};
		92CBB3F519FBA574000E5732 /* Release */ = {
			isa = XCBuildConfiguration;
			buildSettings = {
				ALWAYS_SEARCH_USER_PATHS = NO;
				CLANG_CXX_LANGUAGE_STANDARD = "gnu++0x";
				CLANG_CXX_LIBRARY = "libc++";
				CLANG_ENABLE_MODULES = YES;
				CLANG_ENABLE_OBJC_ARC = YES;
				CLANG_WARN_BOOL_CONVERSION = YES;
				CLANG_WARN_CONSTANT_CONVERSION = YES;
				CLANG_WARN_DIRECT_OBJC_ISA_USAGE = YES_ERROR;
				CLANG_WARN_EMPTY_BODY = YES;
				CLANG_WARN_ENUM_CONVERSION = YES;
				CLANG_WARN_INT_CONVERSION = YES;
				CLANG_WARN_OBJC_ROOT_CLASS = YES_ERROR;
				CLANG_WARN_UNREACHABLE_CODE = YES;
				CLANG_WARN__DUPLICATE_METHOD_MATCH = YES;
				"CODE_SIGN_IDENTITY[sdk=iphoneos*]" = "iPhone Developer";
				COPY_PHASE_STRIP = YES;
				ENABLE_NS_ASSERTIONS = NO;
				ENABLE_STRICT_OBJC_MSGSEND = YES;
				GCC_C_LANGUAGE_STANDARD = gnu99;
				GCC_WARN_64_TO_32_BIT_CONVERSION = YES;
				GCC_WARN_ABOUT_RETURN_TYPE = YES_ERROR;
				GCC_WARN_UNDECLARED_SELECTOR = YES;
				GCC_WARN_UNINITIALIZED_AUTOS = YES_AGGRESSIVE;
				GCC_WARN_UNUSED_FUNCTION = YES;
				GCC_WARN_UNUSED_VARIABLE = YES;
				IPHONEOS_DEPLOYMENT_TARGET = 8.1;
				MTL_ENABLE_DEBUG_INFO = NO;
				SDKROOT = iphoneos;
				VALIDATE_PRODUCT = YES;
			};
			name = Release;
		};
		92CBB3F719FBA574000E5732 /* Debug */ = {
			isa = XCBuildConfiguration;
			baseConfigurationReference = 5B9F58D8B17A7DA5120BB25A /* Pods.debug.xcconfig */;
			buildSettings = {
				ASSETCATALOG_COMPILER_APPICON_NAME = AppIcon;
				CLANG_ENABLE_MODULES = YES;
				CODE_SIGN_IDENTITY = "iPhone Developer";
				FRAMEWORK_SEARCH_PATHS = (
					"$(inherited)",
					"$(PROJECT_DIR)",
				);
				INFOPLIST_FILE = Foodle/Info.plist;
				IPHONEOS_DEPLOYMENT_TARGET = 8.0;
				LD_RUNPATH_SEARCH_PATHS = "$(inherited) @executable_path/Frameworks";
				LIBRARY_SEARCH_PATHS = (
					"$(inherited)",
					"$(PROJECT_DIR)/Foodle",
				);
				OTHER_LDFLAGS = (
					"-l\"Pods-AFNetworking\"",
					"-l\"Pods-Colours\"",
					"-l\"Pods-FrameAccessor\"",
					"-l\"Pods-MBProgressHUD\"",
					"-l\"Pods-MagicalRecord\"",
					"-framework",
					"\"CoreData\"",
					"-framework",
					"\"CoreGraphics\"",
					"-framework",
					"\"MobileCoreServices\"",
					"-framework",
					"\"Security\"",
					"-framework",
					"\"SystemConfiguration\"",
					"-ObjC",
					"-lc++",
				);
				PRODUCT_NAME = "$(TARGET_NAME)";
				PROVISIONING_PROFILE = "";
				SWIFT_OBJC_BRIDGING_HEADER = "Foodle/Foodle-Bridging-Header.h";
				SWIFT_OPTIMIZATION_LEVEL = "-Onone";
				TARGETED_DEVICE_FAMILY = "1,2";
			};
			name = Debug;
		};
		92CBB3F819FBA574000E5732 /* Release */ = {
			isa = XCBuildConfiguration;
			baseConfigurationReference = 286CB336AE9E647C5C96382E /* Pods.release.xcconfig */;
			buildSettings = {
				ASSETCATALOG_COMPILER_APPICON_NAME = AppIcon;
				CLANG_ENABLE_MODULES = YES;
				CODE_SIGN_IDENTITY = "iPhone Developer";
				FRAMEWORK_SEARCH_PATHS = (
					"$(inherited)",
					"$(PROJECT_DIR)",
				);
				INFOPLIST_FILE = Foodle/Info.plist;
				IPHONEOS_DEPLOYMENT_TARGET = 8.0;
				LD_RUNPATH_SEARCH_PATHS = "$(inherited) @executable_path/Frameworks";
				LIBRARY_SEARCH_PATHS = (
					"$(inherited)",
					"$(PROJECT_DIR)/Foodle",
				);
				OTHER_LDFLAGS = (
					"-l\"Pods-AFNetworking\"",
					"-l\"Pods-Colours\"",
					"-l\"Pods-FrameAccessor\"",
					"-l\"Pods-MBProgressHUD\"",
					"-l\"Pods-MagicalRecord\"",
					"-framework",
					"\"CoreData\"",
					"-framework",
					"\"CoreGraphics\"",
					"-framework",
					"\"MobileCoreServices\"",
					"-framework",
					"\"Security\"",
					"-framework",
					"\"SystemConfiguration\"",
					"-ObjC",
					"-lc++",
				);
				PRODUCT_NAME = "$(TARGET_NAME)";
				PROVISIONING_PROFILE = "";
				SWIFT_OBJC_BRIDGING_HEADER = "Foodle/Foodle-Bridging-Header.h";
				TARGETED_DEVICE_FAMILY = "1,2";
			};
			name = Release;
		};
		92CBB42219FBA657000E5732 /* Debug */ = {
			isa = XCBuildConfiguration;
			baseConfigurationReference = 5B9F58D8B17A7DA5120BB25A /* Pods.debug.xcconfig */;
			buildSettings = {
				ASSETCATALOG_COMPILER_APPICON_NAME = AppIcon;
				GCC_PREPROCESSOR_DEFINITIONS = (
					"DEBUG=1",
					"$(inherited)",
				);
				INFOPLIST_FILE = FoodModels/Info.plist;
				LD_RUNPATH_SEARCH_PATHS = "$(inherited) @executable_path/Frameworks";
				PRODUCT_NAME = "$(TARGET_NAME)";
			};
			name = Debug;
		};
		92CBB42319FBA657000E5732 /* Release */ = {
			isa = XCBuildConfiguration;
			baseConfigurationReference = 5B9F58D8B17A7DA5120BB25A /* Pods.debug.xcconfig */;
			buildSettings = {
				ASSETCATALOG_COMPILER_APPICON_NAME = AppIcon;
				INFOPLIST_FILE = FoodModels/Info.plist;
				LD_RUNPATH_SEARCH_PATHS = "$(inherited) @executable_path/Frameworks";
				PRODUCT_NAME = "$(TARGET_NAME)";
			};
			name = Release;
		};
/* End XCBuildConfiguration section */

/* Begin XCConfigurationList section */
		92CBB3D219FBA574000E5732 /* Build configuration list for PBXProject "Foodle" */ = {
			isa = XCConfigurationList;
			buildConfigurations = (
				92CBB3F419FBA574000E5732 /* Debug */,
				92CBB3F519FBA574000E5732 /* Release */,
			);
			defaultConfigurationIsVisible = 0;
			defaultConfigurationName = Release;
		};
		92CBB3F619FBA574000E5732 /* Build configuration list for PBXNativeTarget "Foodle" */ = {
			isa = XCConfigurationList;
			buildConfigurations = (
				92CBB3F719FBA574000E5732 /* Debug */,
				92CBB3F819FBA574000E5732 /* Release */,
			);
			defaultConfigurationIsVisible = 0;
			defaultConfigurationName = Release;
		};
		92CBB42119FBA657000E5732 /* Build configuration list for PBXNativeTarget "FoodModels" */ = {
			isa = XCConfigurationList;
			buildConfigurations = (
				92CBB42219FBA657000E5732 /* Debug */,
				92CBB42319FBA657000E5732 /* Release */,
			);
			defaultConfigurationIsVisible = 0;
			defaultConfigurationName = Release;
		};
/* End XCConfigurationList section */
	};
	rootObject = 92CBB3CF19FBA574000E5732 /* Project object */;
}
